// !$*UTF8*$!
{
	archiveVersion = 1;
	classes = {
	};
	objectVersion = 51;
	objects = {

/* Begin PBXBuildFile section */
		287BDD1F4B1D2B3D68BE232D /* Pods_Zakkuri.framework in Frameworks */ = {isa = PBXBuildFile; fileRef = E2A1DBC0CC6517646891CB43 /* Pods_Zakkuri.framework */; };
		4E06F3A8233747BD0083606C /* RecordViewModel.swift in Sources */ = {isa = PBXBuildFile; fileRef = 4E06F3A7233747BD0083606C /* RecordViewModel.swift */; };
		4E06F3AE23379B7B0083606C /* HabitDetailViewController.swift in Sources */ = {isa = PBXBuildFile; fileRef = 4E06F3AD23379B7B0083606C /* HabitDetailViewController.swift */; };
		4E06F3B023379B890083606C /* HabitDetailViewController.storyboard in Resources */ = {isa = PBXBuildFile; fileRef = 4E06F3AF23379B880083606C /* HabitDetailViewController.storyboard */; };
		4E06F3B22337B8DE0083606C /* HabitDetailViewModel.swift in Sources */ = {isa = PBXBuildFile; fileRef = 4E06F3B12337B8DE0083606C /* HabitDetailViewModel.swift */; };
		4E1E70752346CB7900B2E107 /* NotifyModel.swift in Sources */ = {isa = PBXBuildFile; fileRef = 4E1E70742346CB7900B2E107 /* NotifyModel.swift */; };
		4E1F60362371A7F20020AA2C /* RecordListViewModel.swift in Sources */ = {isa = PBXBuildFile; fileRef = 4E1F60352371A7F20020AA2C /* RecordListViewModel.swift */; };
		4E242BCC236FD2ED0050F23A /* JTAppleCalendar.framework in Frameworks */ = {isa = PBXBuildFile; fileRef = 4E242BCB236FD2ED0050F23A /* JTAppleCalendar.framework */; };
		4E242BD0236FD4B70050F23A /* CalendarDayCell.swift in Sources */ = {isa = PBXBuildFile; fileRef = 4E242BCF236FD4B70050F23A /* CalendarDayCell.swift */; };
		4E242BD4236FE0020050F23A /* CALayer.swift in Sources */ = {isa = PBXBuildFile; fileRef = 4E242BD3236FE0020050F23A /* CALayer.swift */; };
		4E242BD6236FEBED0050F23A /* DotView.swift in Sources */ = {isa = PBXBuildFile; fileRef = 4E242BD5236FEBED0050F23A /* DotView.swift */; };
		4E242BD8237001E60050F23A /* CalendarViewModel.swift in Sources */ = {isa = PBXBuildFile; fileRef = 4E242BD7237001E60050F23A /* CalendarViewModel.swift */; };
		4E2C582D237264910041A606 /* GoogleService-Info.plist in Resources */ = {isa = PBXBuildFile; fileRef = 4E2C582C237264910041A606 /* GoogleService-Info.plist */; };
		4E30CE29233CAD3900934BDD /* RxBlocking.framework in Frameworks */ = {isa = PBXBuildFile; fileRef = 4E6CC52E232A5FC500E367E3 /* RxBlocking.framework */; };
		4E30CE2A233CAD3900934BDD /* RxTest.framework in Frameworks */ = {isa = PBXBuildFile; fileRef = 4E6CC530232A5FC500E367E3 /* RxTest.framework */; };
		4E33B5EF232BC373007D42A5 /* SwifterSwift.framework in Frameworks */ = {isa = PBXBuildFile; fileRef = 4E33B5EE232BC373007D42A5 /* SwifterSwift.framework */; };
		4E33B5F1232BC74E007D42A5 /* SummaryViewController.swift in Sources */ = {isa = PBXBuildFile; fileRef = 4E33B5F0232BC74E007D42A5 /* SummaryViewController.swift */; };
		4E33B5F3232BC790007D42A5 /* HabitFormViewController.storyboard in Resources */ = {isa = PBXBuildFile; fileRef = 4E33B5F2232BC790007D42A5 /* HabitFormViewController.storyboard */; };
		4E33B5F5232BC7DD007D42A5 /* SummaryViewController.storyboard in Resources */ = {isa = PBXBuildFile; fileRef = 4E33B5F4232BC7DD007D42A5 /* SummaryViewController.storyboard */; };
		4E33B5F7232BC957007D42A5 /* SummaryViewModel.swift in Sources */ = {isa = PBXBuildFile; fileRef = 4E33B5F6232BC957007D42A5 /* SummaryViewModel.swift */; };
		4E33B5FB232C8B70007D42A5 /* HabitModel.swift in Sources */ = {isa = PBXBuildFile; fileRef = 4E33B5FA232C8B70007D42A5 /* HabitModel.swift */; };
		4E33B5FD232C9F53007D42A5 /* Models.swift in Sources */ = {isa = PBXBuildFile; fileRef = 4E33B5FC232C9F53007D42A5 /* Models.swift */; };
		4E33B5FF232CB3F1007D42A5 /* SummaryCell.swift in Sources */ = {isa = PBXBuildFile; fileRef = 4E33B5FE232CB3F1007D42A5 /* SummaryCell.swift */; };
		4E33B603232CF795007D42A5 /* Storage.swift in Sources */ = {isa = PBXBuildFile; fileRef = 4E33B602232CF795007D42A5 /* Storage.swift */; };
		4E33B605232E3165007D42A5 /* FloatingPanel.framework in Frameworks */ = {isa = PBXBuildFile; fileRef = 4E33B604232E3165007D42A5 /* FloatingPanel.framework */; };
		4E33B608232E35BF007D42A5 /* RecordViewController.swift in Sources */ = {isa = PBXBuildFile; fileRef = 4E33B607232E35BF007D42A5 /* RecordViewController.swift */; };
		4E33B60A232E35C7007D42A5 /* RecordViewController.storyboard in Resources */ = {isa = PBXBuildFile; fileRef = 4E33B609232E35C7007D42A5 /* RecordViewController.storyboard */; };
		4E4AE87B2372EB10009C4B82 /* FirestoreStorage.swift in Sources */ = {isa = PBXBuildFile; fileRef = 4E4AE87A2372EB10009C4B82 /* FirestoreStorage.swift */; };
		4E66A48F233AF8AB009BD0CA /* RecordViewModelTest.swift in Sources */ = {isa = PBXBuildFile; fileRef = 4E66A48E233AF8AB009BD0CA /* RecordViewModelTest.swift */; };
		4E6CC532232A5FC500E367E3 /* RxRelay.framework in Frameworks */ = {isa = PBXBuildFile; fileRef = 4E6CC52D232A5FC500E367E3 /* RxRelay.framework */; };
		4E6CC534232A5FC500E367E3 /* RxSwift.framework in Frameworks */ = {isa = PBXBuildFile; fileRef = 4E6CC52F232A5FC500E367E3 /* RxSwift.framework */; };
		4E6CC536232A5FC500E367E3 /* RxCocoa.framework in Frameworks */ = {isa = PBXBuildFile; fileRef = 4E6CC531232A5FC500E367E3 /* RxCocoa.framework */; };
		4E6CC53C232A61DA00E367E3 /* HabitFormViewModel.swift in Sources */ = {isa = PBXBuildFile; fileRef = 4E6CC53B232A61DA00E367E3 /* HabitFormViewModel.swift */; };
		4E6CC53E232A6B7700E367E3 /* RxSwiftExt.framework in Frameworks */ = {isa = PBXBuildFile; fileRef = 4E6CC53D232A6B7700E367E3 /* RxSwiftExt.framework */; };
		4E7DE8DB236FC84000AC7009 /* Main.storyboard in Resources */ = {isa = PBXBuildFile; fileRef = 4E7DE8DA236FC84000AC7009 /* Main.storyboard */; };
		4E7DE8DE236FC88D00AC7009 /* CalendarViewController.swift in Sources */ = {isa = PBXBuildFile; fileRef = 4E7DE8DD236FC88D00AC7009 /* CalendarViewController.swift */; };
		4E7DE8E0236FC89800AC7009 /* CalendarViewController.storyboard in Resources */ = {isa = PBXBuildFile; fileRef = 4E7DE8DF236FC89800AC7009 /* CalendarViewController.storyboard */; };
		4E81A3002338B7290042188A /* AlertController.swift in Sources */ = {isa = PBXBuildFile; fileRef = 4E81A2FF2338B7290042188A /* AlertController.swift */; };
		4E8EF477236D2B9C00280369 /* Formatter.swift in Sources */ = {isa = PBXBuildFile; fileRef = 4E8EF476236D2B9C00280369 /* Formatter.swift */; };
		4EA3F0732351C8A200F0B4F2 /* Habit.swift in Sources */ = {isa = PBXBuildFile; fileRef = 4EA3F0722351C8A200F0B4F2 /* Habit.swift */; };
		4EA3F0752351C8BB00F0B4F2 /* GoalSpan.swift in Sources */ = {isa = PBXBuildFile; fileRef = 4EA3F0742351C8BB00F0B4F2 /* GoalSpan.swift */; };
		4EA3F0772351C8D300F0B4F2 /* HabitRecord.swift in Sources */ = {isa = PBXBuildFile; fileRef = 4EA3F0762351C8D300F0B4F2 /* HabitRecord.swift */; };
		4EA3F0792351C8E600F0B4F2 /* HabitSummary.swift in Sources */ = {isa = PBXBuildFile; fileRef = 4EA3F0782351C8E600F0B4F2 /* HabitSummary.swift */; };
		4EA6072F237193B9004051CA /* RecordListViewController.swift in Sources */ = {isa = PBXBuildFile; fileRef = 4EA6072E237193B9004051CA /* RecordListViewController.swift */; };
		4EA60731237193C2004051CA /* RecordListViewController.storyboard in Resources */ = {isa = PBXBuildFile; fileRef = 4EA60730237193C2004051CA /* RecordListViewController.storyboard */; };
		4EA607332371A263004051CA /* TabBarController.swift in Sources */ = {isa = PBXBuildFile; fileRef = 4EA607322371A263004051CA /* TabBarController.swift */; };
		4EAC5A942338637B009334F3 /* Theme.swift in Sources */ = {isa = PBXBuildFile; fileRef = 4EAC5A932338637B009334F3 /* Theme.swift */; };
		4EAC5A9823388589009334F3 /* NavigationController.swift in Sources */ = {isa = PBXBuildFile; fileRef = 4EAC5A9723388589009334F3 /* NavigationController.swift */; };
		4EC19514233C590A0090BC66 /* InMemoryStorage.swift in Sources */ = {isa = PBXBuildFile; fileRef = 4EC19513233C590A0090BC66 /* InMemoryStorage.swift */; };
		4EC4E6D92377BFA2006F5654 /* RxGesture.framework in Frameworks */ = {isa = PBXBuildFile; fileRef = 4EC4E6D82377BFA2006F5654 /* RxGesture.framework */; };
		4ECE99C0232A596600215BFE /* AppDelegate.swift in Sources */ = {isa = PBXBuildFile; fileRef = 4ECE99BF232A596600215BFE /* AppDelegate.swift */; };
		4ECE99C2232A596600215BFE /* HabitFormViewController.swift in Sources */ = {isa = PBXBuildFile; fileRef = 4ECE99C1232A596600215BFE /* HabitFormViewController.swift */; };
		4ECE99C9232A596700215BFE /* Assets.xcassets in Resources */ = {isa = PBXBuildFile; fileRef = 4ECE99C8232A596700215BFE /* Assets.xcassets */; };
		4ECE99CC232A596700215BFE /* LaunchScreen.storyboard in Resources */ = {isa = PBXBuildFile; fileRef = 4ECE99CA232A596700215BFE /* LaunchScreen.storyboard */; };
		4ECE99D7232A596800215BFE /* ZakkuriTests.swift in Sources */ = {isa = PBXBuildFile; fileRef = 4ECE99D6232A596800215BFE /* ZakkuriTests.swift */; };
		4ECE99E2232A596800215BFE /* ZakkuriUITests.swift in Sources */ = {isa = PBXBuildFile; fileRef = 4ECE99E1232A596800215BFE /* ZakkuriUITests.swift */; };
		4EE2B6692372E17E009C2AA1 /* XCGLogger.framework in Frameworks */ = {isa = PBXBuildFile; fileRef = 4EE2B6682372E17E009C2AA1 /* XCGLogger.framework */; };
		4EE2B66D2372E1F2009C2AA1 /* UserModel.swift in Sources */ = {isa = PBXBuildFile; fileRef = 4EE2B66C2372E1F2009C2AA1 /* UserModel.swift */; };
		4EE3020C237C43ED00087BE0 /* FirebaseConstants.swift in Sources */ = {isa = PBXBuildFile; fileRef = 4EE3020B237C43ED00087BE0 /* FirebaseConstants.swift */; };
		4EF09C98235061C100691A57 /* UIViewController.swift in Sources */ = {isa = PBXBuildFile; fileRef = 4EF09C97235061C100691A57 /* UIViewController.swift */; };
		559F53EE286BC1FBD733E966 /* Pods_ZakkuriTests.framework in Frameworks */ = {isa = PBXBuildFile; fileRef = 53A1C4AA55D1DECBEC2CC8E2 /* Pods_ZakkuriTests.framework */; };
		AE0C3C2B89221B2491F33D8C /* Pods_Zakkuri_ZakkuriUITests.framework in Frameworks */ = {isa = PBXBuildFile; fileRef = 22EB348ACB57E47ACFC025D1 /* Pods_Zakkuri_ZakkuriUITests.framework */; };
/* End PBXBuildFile section */

/* Begin PBXContainerItemProxy section */
		4ECE99D3232A596800215BFE /* PBXContainerItemProxy */ = {
			isa = PBXContainerItemProxy;
			containerPortal = 4ECE99B4232A596600215BFE /* Project object */;
			proxyType = 1;
			remoteGlobalIDString = 4ECE99BB232A596600215BFE;
			remoteInfo = "laid-back";
		};
		4ECE99DE232A596800215BFE /* PBXContainerItemProxy */ = {
			isa = PBXContainerItemProxy;
			containerPortal = 4ECE99B4232A596600215BFE /* Project object */;
			proxyType = 1;
			remoteGlobalIDString = 4ECE99BB232A596600215BFE;
			remoteInfo = "laid-back";
		};
/* End PBXContainerItemProxy section */

/* Begin PBXFileReference section */
		22EB348ACB57E47ACFC025D1 /* Pods_Zakkuri_ZakkuriUITests.framework */ = {isa = PBXFileReference; explicitFileType = wrapper.framework; includeInIndex = 0; path = Pods_Zakkuri_ZakkuriUITests.framework; sourceTree = BUILT_PRODUCTS_DIR; };
		38EDE54F5E835BC5D3864A02 /* Pods-Zakkuri.debug.xcconfig */ = {isa = PBXFileReference; includeInIndex = 1; lastKnownFileType = text.xcconfig; name = "Pods-Zakkuri.debug.xcconfig"; path = "Target Support Files/Pods-Zakkuri/Pods-Zakkuri.debug.xcconfig"; sourceTree = "<group>"; };
		4E06F3A7233747BD0083606C /* RecordViewModel.swift */ = {isa = PBXFileReference; lastKnownFileType = sourcecode.swift; path = RecordViewModel.swift; sourceTree = "<group>"; };
		4E06F3AD23379B7B0083606C /* HabitDetailViewController.swift */ = {isa = PBXFileReference; lastKnownFileType = sourcecode.swift; path = HabitDetailViewController.swift; sourceTree = "<group>"; };
		4E06F3AF23379B880083606C /* HabitDetailViewController.storyboard */ = {isa = PBXFileReference; lastKnownFileType = file.storyboard; path = HabitDetailViewController.storyboard; sourceTree = "<group>"; };
		4E06F3B12337B8DE0083606C /* HabitDetailViewModel.swift */ = {isa = PBXFileReference; lastKnownFileType = sourcecode.swift; path = HabitDetailViewModel.swift; sourceTree = "<group>"; };
		4E1E70742346CB7900B2E107 /* NotifyModel.swift */ = {isa = PBXFileReference; lastKnownFileType = sourcecode.swift; path = NotifyModel.swift; sourceTree = "<group>"; };
		4E1F60352371A7F20020AA2C /* RecordListViewModel.swift */ = {isa = PBXFileReference; lastKnownFileType = sourcecode.swift; path = RecordListViewModel.swift; sourceTree = "<group>"; };
		4E1F60372371B54F0020AA2C /* ja */ = {isa = PBXFileReference; lastKnownFileType = text.plist.strings; name = ja; path = ja.lproj/LaunchScreen.strings; sourceTree = "<group>"; };
		4E242BCB236FD2ED0050F23A /* JTAppleCalendar.framework */ = {isa = PBXFileReference; lastKnownFileType = wrapper.framework; name = JTAppleCalendar.framework; path = Carthage/Build/iOS/JTAppleCalendar.framework; sourceTree = "<group>"; };
		4E242BCF236FD4B70050F23A /* CalendarDayCell.swift */ = {isa = PBXFileReference; lastKnownFileType = sourcecode.swift; path = CalendarDayCell.swift; sourceTree = "<group>"; };
		4E242BD3236FE0020050F23A /* CALayer.swift */ = {isa = PBXFileReference; lastKnownFileType = sourcecode.swift; path = CALayer.swift; sourceTree = "<group>"; };
		4E242BD5236FEBED0050F23A /* DotView.swift */ = {isa = PBXFileReference; lastKnownFileType = sourcecode.swift; path = DotView.swift; sourceTree = "<group>"; };
		4E242BD7237001E60050F23A /* CalendarViewModel.swift */ = {isa = PBXFileReference; lastKnownFileType = sourcecode.swift; path = CalendarViewModel.swift; sourceTree = "<group>"; };
		4E2C582C237264910041A606 /* GoogleService-Info.plist */ = {isa = PBXFileReference; fileEncoding = 4; lastKnownFileType = text.plist.xml; path = "GoogleService-Info.plist"; sourceTree = "<group>"; };
		4E33B5EE232BC373007D42A5 /* SwifterSwift.framework */ = {isa = PBXFileReference; lastKnownFileType = wrapper.framework; name = SwifterSwift.framework; path = Carthage/Build/iOS/SwifterSwift.framework; sourceTree = "<group>"; };
		4E33B5F0232BC74E007D42A5 /* SummaryViewController.swift */ = {isa = PBXFileReference; lastKnownFileType = sourcecode.swift; path = SummaryViewController.swift; sourceTree = "<group>"; };
		4E33B5F2232BC790007D42A5 /* HabitFormViewController.storyboard */ = {isa = PBXFileReference; lastKnownFileType = file.storyboard; path = HabitFormViewController.storyboard; sourceTree = "<group>"; };
		4E33B5F4232BC7DD007D42A5 /* SummaryViewController.storyboard */ = {isa = PBXFileReference; lastKnownFileType = file.storyboard; path = SummaryViewController.storyboard; sourceTree = "<group>"; };
		4E33B5F6232BC957007D42A5 /* SummaryViewModel.swift */ = {isa = PBXFileReference; lastKnownFileType = sourcecode.swift; path = SummaryViewModel.swift; sourceTree = "<group>"; };
		4E33B5FA232C8B70007D42A5 /* HabitModel.swift */ = {isa = PBXFileReference; lastKnownFileType = sourcecode.swift; path = HabitModel.swift; sourceTree = "<group>"; };
		4E33B5FC232C9F53007D42A5 /* Models.swift */ = {isa = PBXFileReference; lastKnownFileType = sourcecode.swift; path = Models.swift; sourceTree = "<group>"; };
		4E33B5FE232CB3F1007D42A5 /* SummaryCell.swift */ = {isa = PBXFileReference; lastKnownFileType = sourcecode.swift; path = SummaryCell.swift; sourceTree = "<group>"; };
		4E33B602232CF795007D42A5 /* Storage.swift */ = {isa = PBXFileReference; lastKnownFileType = sourcecode.swift; path = Storage.swift; sourceTree = "<group>"; };
		4E33B604232E3165007D42A5 /* FloatingPanel.framework */ = {isa = PBXFileReference; lastKnownFileType = wrapper.framework; name = FloatingPanel.framework; path = Carthage/Build/iOS/FloatingPanel.framework; sourceTree = "<group>"; };
		4E33B607232E35BF007D42A5 /* RecordViewController.swift */ = {isa = PBXFileReference; lastKnownFileType = sourcecode.swift; path = RecordViewController.swift; sourceTree = "<group>"; };
		4E33B609232E35C7007D42A5 /* RecordViewController.storyboard */ = {isa = PBXFileReference; lastKnownFileType = file.storyboard; path = RecordViewController.storyboard; sourceTree = "<group>"; };
		4E3B807C23458ADB00A81971 /* Playground.playground */ = {isa = PBXFileReference; lastKnownFileType = file.playground; path = Playground.playground; sourceTree = "<group>"; xcLanguageSpecificationIdentifier = xcode.lang.swift; };
		4E4AE87A2372EB10009C4B82 /* FirestoreStorage.swift */ = {isa = PBXFileReference; lastKnownFileType = sourcecode.swift; path = FirestoreStorage.swift; sourceTree = "<group>"; };
		4E66A48E233AF8AB009BD0CA /* RecordViewModelTest.swift */ = {isa = PBXFileReference; lastKnownFileType = sourcecode.swift; path = RecordViewModelTest.swift; sourceTree = "<group>"; };
		4E6CC52D232A5FC500E367E3 /* RxRelay.framework */ = {isa = PBXFileReference; lastKnownFileType = wrapper.framework; name = RxRelay.framework; path = Carthage/Build/iOS/RxRelay.framework; sourceTree = "<group>"; };
		4E6CC52E232A5FC500E367E3 /* RxBlocking.framework */ = {isa = PBXFileReference; lastKnownFileType = wrapper.framework; name = RxBlocking.framework; path = Carthage/Build/iOS/RxBlocking.framework; sourceTree = "<group>"; };
		4E6CC52F232A5FC500E367E3 /* RxSwift.framework */ = {isa = PBXFileReference; lastKnownFileType = wrapper.framework; name = RxSwift.framework; path = Carthage/Build/iOS/RxSwift.framework; sourceTree = "<group>"; };
		4E6CC530232A5FC500E367E3 /* RxTest.framework */ = {isa = PBXFileReference; lastKnownFileType = wrapper.framework; name = RxTest.framework; path = Carthage/Build/iOS/RxTest.framework; sourceTree = "<group>"; };
		4E6CC531232A5FC500E367E3 /* RxCocoa.framework */ = {isa = PBXFileReference; lastKnownFileType = wrapper.framework; name = RxCocoa.framework; path = Carthage/Build/iOS/RxCocoa.framework; sourceTree = "<group>"; };
		4E6CC53B232A61DA00E367E3 /* HabitFormViewModel.swift */ = {isa = PBXFileReference; lastKnownFileType = sourcecode.swift; path = HabitFormViewModel.swift; sourceTree = "<group>"; };
		4E6CC53D232A6B7700E367E3 /* RxSwiftExt.framework */ = {isa = PBXFileReference; lastKnownFileType = wrapper.framework; name = RxSwiftExt.framework; path = Carthage/Build/iOS/RxSwiftExt.framework; sourceTree = "<group>"; };
		4E7DE8DA236FC84000AC7009 /* Main.storyboard */ = {isa = PBXFileReference; lastKnownFileType = file.storyboard; path = Main.storyboard; sourceTree = "<group>"; };
		4E7DE8DD236FC88D00AC7009 /* CalendarViewController.swift */ = {isa = PBXFileReference; lastKnownFileType = sourcecode.swift; path = CalendarViewController.swift; sourceTree = "<group>"; };
		4E7DE8DF236FC89800AC7009 /* CalendarViewController.storyboard */ = {isa = PBXFileReference; lastKnownFileType = file.storyboard; path = CalendarViewController.storyboard; sourceTree = "<group>"; };
		4E81A2FF2338B7290042188A /* AlertController.swift */ = {isa = PBXFileReference; lastKnownFileType = sourcecode.swift; path = AlertController.swift; sourceTree = "<group>"; };
		4E8EF476236D2B9C00280369 /* Formatter.swift */ = {isa = PBXFileReference; lastKnownFileType = sourcecode.swift; path = Formatter.swift; sourceTree = "<group>"; };
		4EA3F0722351C8A200F0B4F2 /* Habit.swift */ = {isa = PBXFileReference; lastKnownFileType = sourcecode.swift; path = Habit.swift; sourceTree = "<group>"; };
		4EA3F0742351C8BB00F0B4F2 /* GoalSpan.swift */ = {isa = PBXFileReference; lastKnownFileType = sourcecode.swift; path = GoalSpan.swift; sourceTree = "<group>"; };
		4EA3F0762351C8D300F0B4F2 /* HabitRecord.swift */ = {isa = PBXFileReference; lastKnownFileType = sourcecode.swift; path = HabitRecord.swift; sourceTree = "<group>"; };
		4EA3F0782351C8E600F0B4F2 /* HabitSummary.swift */ = {isa = PBXFileReference; lastKnownFileType = sourcecode.swift; path = HabitSummary.swift; sourceTree = "<group>"; };
		4EA6072E237193B9004051CA /* RecordListViewController.swift */ = {isa = PBXFileReference; lastKnownFileType = sourcecode.swift; path = RecordListViewController.swift; sourceTree = "<group>"; };
		4EA60730237193C2004051CA /* RecordListViewController.storyboard */ = {isa = PBXFileReference; lastKnownFileType = file.storyboard; path = RecordListViewController.storyboard; sourceTree = "<group>"; };
		4EA607322371A263004051CA /* TabBarController.swift */ = {isa = PBXFileReference; lastKnownFileType = sourcecode.swift; path = TabBarController.swift; sourceTree = "<group>"; };
		4EAC5A932338637B009334F3 /* Theme.swift */ = {isa = PBXFileReference; lastKnownFileType = sourcecode.swift; path = Theme.swift; sourceTree = "<group>"; };
		4EAC5A9723388589009334F3 /* NavigationController.swift */ = {isa = PBXFileReference; lastKnownFileType = sourcecode.swift; path = NavigationController.swift; sourceTree = "<group>"; };
		4EC19513233C590A0090BC66 /* InMemoryStorage.swift */ = {isa = PBXFileReference; lastKnownFileType = sourcecode.swift; path = InMemoryStorage.swift; sourceTree = "<group>"; };
		4EC4E6D82377BFA2006F5654 /* RxGesture.framework */ = {isa = PBXFileReference; lastKnownFileType = wrapper.framework; name = RxGesture.framework; path = Carthage/Build/iOS/RxGesture.framework; sourceTree = "<group>"; };
		4ECE99BC232A596600215BFE /* Zakkuri.app */ = {isa = PBXFileReference; explicitFileType = wrapper.application; includeInIndex = 0; path = Zakkuri.app; sourceTree = BUILT_PRODUCTS_DIR; };
		4ECE99BF232A596600215BFE /* AppDelegate.swift */ = {isa = PBXFileReference; lastKnownFileType = sourcecode.swift; path = AppDelegate.swift; sourceTree = "<group>"; };
		4ECE99C1232A596600215BFE /* HabitFormViewController.swift */ = {isa = PBXFileReference; lastKnownFileType = sourcecode.swift; path = HabitFormViewController.swift; sourceTree = "<group>"; };
		4ECE99C8232A596700215BFE /* Assets.xcassets */ = {isa = PBXFileReference; lastKnownFileType = folder.assetcatalog; path = Assets.xcassets; sourceTree = "<group>"; };
		4ECE99CB232A596700215BFE /* Base */ = {isa = PBXFileReference; lastKnownFileType = file.storyboard; name = Base; path = Base.lproj/LaunchScreen.storyboard; sourceTree = "<group>"; };
		4ECE99CD232A596700215BFE /* Info.plist */ = {isa = PBXFileReference; lastKnownFileType = text.plist.xml; path = Info.plist; sourceTree = "<group>"; };
		4ECE99D2232A596800215BFE /* ZakkuriTests.xctest */ = {isa = PBXFileReference; explicitFileType = wrapper.cfbundle; includeInIndex = 0; path = ZakkuriTests.xctest; sourceTree = BUILT_PRODUCTS_DIR; };
		4ECE99D6232A596800215BFE /* ZakkuriTests.swift */ = {isa = PBXFileReference; lastKnownFileType = sourcecode.swift; path = ZakkuriTests.swift; sourceTree = "<group>"; };
		4ECE99D8232A596800215BFE /* Info.plist */ = {isa = PBXFileReference; lastKnownFileType = text.plist.xml; path = Info.plist; sourceTree = "<group>"; };
		4ECE99DD232A596800215BFE /* ZakkuriUITests.xctest */ = {isa = PBXFileReference; explicitFileType = wrapper.cfbundle; includeInIndex = 0; path = ZakkuriUITests.xctest; sourceTree = BUILT_PRODUCTS_DIR; };
		4ECE99E1232A596800215BFE /* ZakkuriUITests.swift */ = {isa = PBXFileReference; lastKnownFileType = sourcecode.swift; path = ZakkuriUITests.swift; sourceTree = "<group>"; };
		4ECE99E3232A596800215BFE /* Info.plist */ = {isa = PBXFileReference; lastKnownFileType = text.plist.xml; path = Info.plist; sourceTree = "<group>"; };
		4EE2B6682372E17E009C2AA1 /* XCGLogger.framework */ = {isa = PBXFileReference; lastKnownFileType = wrapper.framework; name = XCGLogger.framework; path = Carthage/Build/iOS/XCGLogger.framework; sourceTree = "<group>"; };
		4EE2B66C2372E1F2009C2AA1 /* UserModel.swift */ = {isa = PBXFileReference; lastKnownFileType = sourcecode.swift; path = UserModel.swift; sourceTree = "<group>"; };
		4EE3020B237C43ED00087BE0 /* FirebaseConstants.swift */ = {isa = PBXFileReference; lastKnownFileType = sourcecode.swift; path = FirebaseConstants.swift; sourceTree = "<group>"; };
		4EF09C97235061C100691A57 /* UIViewController.swift */ = {isa = PBXFileReference; lastKnownFileType = sourcecode.swift; path = UIViewController.swift; sourceTree = "<group>"; };
		53A1C4AA55D1DECBEC2CC8E2 /* Pods_ZakkuriTests.framework */ = {isa = PBXFileReference; explicitFileType = wrapper.framework; includeInIndex = 0; path = Pods_ZakkuriTests.framework; sourceTree = BUILT_PRODUCTS_DIR; };
		6FCFEC244EC69D1B048A208B /* Pods-ZakkuriTests.debug.xcconfig */ = {isa = PBXFileReference; includeInIndex = 1; lastKnownFileType = text.xcconfig; name = "Pods-ZakkuriTests.debug.xcconfig"; path = "Target Support Files/Pods-ZakkuriTests/Pods-ZakkuriTests.debug.xcconfig"; sourceTree = "<group>"; };
		7D99A4354511AA39222F2513 /* Pods-Zakkuri-ZakkuriUITests.debug.xcconfig */ = {isa = PBXFileReference; includeInIndex = 1; lastKnownFileType = text.xcconfig; name = "Pods-Zakkuri-ZakkuriUITests.debug.xcconfig"; path = "Target Support Files/Pods-Zakkuri-ZakkuriUITests/Pods-Zakkuri-ZakkuriUITests.debug.xcconfig"; sourceTree = "<group>"; };
		82AE2C9A67C7BE480AD22D51 /* Pods-Zakkuri-ZakkuriUITests.release.xcconfig */ = {isa = PBXFileReference; includeInIndex = 1; lastKnownFileType = text.xcconfig; name = "Pods-Zakkuri-ZakkuriUITests.release.xcconfig"; path = "Target Support Files/Pods-Zakkuri-ZakkuriUITests/Pods-Zakkuri-ZakkuriUITests.release.xcconfig"; sourceTree = "<group>"; };
		95B79F29777390BCFB1EBA39 /* Pods-Zakkuri.release.xcconfig */ = {isa = PBXFileReference; includeInIndex = 1; lastKnownFileType = text.xcconfig; name = "Pods-Zakkuri.release.xcconfig"; path = "Target Support Files/Pods-Zakkuri/Pods-Zakkuri.release.xcconfig"; sourceTree = "<group>"; };
		E2A1DBC0CC6517646891CB43 /* Pods_Zakkuri.framework */ = {isa = PBXFileReference; explicitFileType = wrapper.framework; includeInIndex = 0; path = Pods_Zakkuri.framework; sourceTree = BUILT_PRODUCTS_DIR; };
		E961DCEC1751833030A8049B /* Pods-ZakkuriTests.release.xcconfig */ = {isa = PBXFileReference; includeInIndex = 1; lastKnownFileType = text.xcconfig; name = "Pods-ZakkuriTests.release.xcconfig"; path = "Target Support Files/Pods-ZakkuriTests/Pods-ZakkuriTests.release.xcconfig"; sourceTree = "<group>"; };
/* End PBXFileReference section */

/* Begin PBXFrameworksBuildPhase section */
		4ECE99B9232A596600215BFE /* Frameworks */ = {
			isa = PBXFrameworksBuildPhase;
			buildActionMask = 2147483647;
			files = (
				4E6CC53E232A6B7700E367E3 /* RxSwiftExt.framework in Frameworks */,
				4E33B605232E3165007D42A5 /* FloatingPanel.framework in Frameworks */,
				4E6CC532232A5FC500E367E3 /* RxRelay.framework in Frameworks */,
				4E242BCC236FD2ED0050F23A /* JTAppleCalendar.framework in Frameworks */,
				4E6CC534232A5FC500E367E3 /* RxSwift.framework in Frameworks */,
				4E6CC536232A5FC500E367E3 /* RxCocoa.framework in Frameworks */,
				4EC4E6D92377BFA2006F5654 /* RxGesture.framework in Frameworks */,
				4E33B5EF232BC373007D42A5 /* SwifterSwift.framework in Frameworks */,
				287BDD1F4B1D2B3D68BE232D /* Pods_Zakkuri.framework in Frameworks */,
				4EE2B6692372E17E009C2AA1 /* XCGLogger.framework in Frameworks */,
			);
			runOnlyForDeploymentPostprocessing = 0;
		};
		4ECE99CF232A596800215BFE /* Frameworks */ = {
			isa = PBXFrameworksBuildPhase;
			buildActionMask = 2147483647;
			files = (
				4E30CE29233CAD3900934BDD /* RxBlocking.framework in Frameworks */,
				4E30CE2A233CAD3900934BDD /* RxTest.framework in Frameworks */,
				559F53EE286BC1FBD733E966 /* Pods_ZakkuriTests.framework in Frameworks */,
			);
			runOnlyForDeploymentPostprocessing = 0;
		};
		4ECE99DA232A596800215BFE /* Frameworks */ = {
			isa = PBXFrameworksBuildPhase;
			buildActionMask = 2147483647;
			files = (
				AE0C3C2B89221B2491F33D8C /* Pods_Zakkuri_ZakkuriUITests.framework in Frameworks */,
			);
			runOnlyForDeploymentPostprocessing = 0;
		};
/* End PBXFrameworksBuildPhase section */

/* Begin PBXGroup section */
		4B7AB308CA0C967E2869B7CD /* Pods */ = {
			isa = PBXGroup;
			children = (
				38EDE54F5E835BC5D3864A02 /* Pods-Zakkuri.debug.xcconfig */,
				95B79F29777390BCFB1EBA39 /* Pods-Zakkuri.release.xcconfig */,
				7D99A4354511AA39222F2513 /* Pods-Zakkuri-ZakkuriUITests.debug.xcconfig */,
				82AE2C9A67C7BE480AD22D51 /* Pods-Zakkuri-ZakkuriUITests.release.xcconfig */,
				6FCFEC244EC69D1B048A208B /* Pods-ZakkuriTests.debug.xcconfig */,
				E961DCEC1751833030A8049B /* Pods-ZakkuriTests.release.xcconfig */,
			);
			path = Pods;
			sourceTree = "<group>";
		};
		4E06F3A9233751240083606C /* Utils */ = {
			isa = PBXGroup;
			children = (
				4EAC5A9723388589009334F3 /* NavigationController.swift */,
				4E81A2FF2338B7290042188A /* AlertController.swift */,
				4EF09C97235061C100691A57 /* UIViewController.swift */,
				4E8EF476236D2B9C00280369 /* Formatter.swift */,
				4E242BD3236FE0020050F23A /* CALayer.swift */,
			);
			path = Utils;
			sourceTree = "<group>";
		};
		4E06F3AC23379B680083606C /* Detail */ = {
			isa = PBXGroup;
			children = (
				4E06F3AD23379B7B0083606C /* HabitDetailViewController.swift */,
				4E06F3AF23379B880083606C /* HabitDetailViewController.storyboard */,
			);
			path = Detail;
			sourceTree = "<group>";
		};
		4E33B5F8232C8B3C007D42A5 /* Model */ = {
			isa = PBXGroup;
			children = (
				4E33B5FA232C8B70007D42A5 /* HabitModel.swift */,
				4E33B5FC232C9F53007D42A5 /* Models.swift */,
				4E1E70742346CB7900B2E107 /* NotifyModel.swift */,
				4EE2B66C2372E1F2009C2AA1 /* UserModel.swift */,
			);
			path = Model;
			sourceTree = "<group>";
		};
		4E33B5F9232C8B41007D42A5 /* Service */ = {
			isa = PBXGroup;
			children = (
				4E33B602232CF795007D42A5 /* Storage.swift */,
				4EAC5A932338637B009334F3 /* Theme.swift */,
				4E4AE87A2372EB10009C4B82 /* FirestoreStorage.swift */,
				4EE3020B237C43ED00087BE0 /* FirebaseConstants.swift */,
			);
			path = Service;
			sourceTree = "<group>";
		};
		4E33B600232CC7EC007D42A5 /* HabitForm */ = {
			isa = PBXGroup;
			children = (
				4ECE99C1232A596600215BFE /* HabitFormViewController.swift */,
				4E33B5F2232BC790007D42A5 /* HabitFormViewController.storyboard */,
			);
			path = HabitForm;
			sourceTree = "<group>";
		};
		4E33B601232CC7FD007D42A5 /* Summary */ = {
			isa = PBXGroup;
			children = (
				4E33B5F0232BC74E007D42A5 /* SummaryViewController.swift */,
				4E33B5F4232BC7DD007D42A5 /* SummaryViewController.storyboard */,
				4E33B5FE232CB3F1007D42A5 /* SummaryCell.swift */,
			);
			path = Summary;
			sourceTree = "<group>";
		};
		4E33B606232E35AE007D42A5 /* Record */ = {
			isa = PBXGroup;
			children = (
				4E33B607232E35BF007D42A5 /* RecordViewController.swift */,
				4E33B609232E35C7007D42A5 /* RecordViewController.storyboard */,
			);
			path = Record;
			sourceTree = "<group>";
		};
		4E66A48D233AF882009BD0CA /* ViewModel */ = {
			isa = PBXGroup;
			children = (
				4E66A48E233AF8AB009BD0CA /* RecordViewModelTest.swift */,
			);
			path = ViewModel;
			sourceTree = "<group>";
		};
		4E6CC52C232A5FC500E367E3 /* Frameworks */ = {
			isa = PBXGroup;
			children = (
				4EC4E6D82377BFA2006F5654 /* RxGesture.framework */,
				4EE2B6682372E17E009C2AA1 /* XCGLogger.framework */,
				4E242BCB236FD2ED0050F23A /* JTAppleCalendar.framework */,
				4E33B604232E3165007D42A5 /* FloatingPanel.framework */,
				4E33B5EE232BC373007D42A5 /* SwifterSwift.framework */,
				4E6CC53D232A6B7700E367E3 /* RxSwiftExt.framework */,
				4E6CC52E232A5FC500E367E3 /* RxBlocking.framework */,
				4E6CC531232A5FC500E367E3 /* RxCocoa.framework */,
				4E6CC52D232A5FC500E367E3 /* RxRelay.framework */,
				4E6CC52F232A5FC500E367E3 /* RxSwift.framework */,
				4E6CC530232A5FC500E367E3 /* RxTest.framework */,
				E2A1DBC0CC6517646891CB43 /* Pods_Zakkuri.framework */,
				22EB348ACB57E47ACFC025D1 /* Pods_Zakkuri_ZakkuriUITests.framework */,
				53A1C4AA55D1DECBEC2CC8E2 /* Pods_ZakkuriTests.framework */,
			);
			name = Frameworks;
			sourceTree = "<group>";
		};
		4E6CC539232A615E00E367E3 /* ViewModel */ = {
			isa = PBXGroup;
			children = (
				4E6CC53B232A61DA00E367E3 /* HabitFormViewModel.swift */,
				4E33B5F6232BC957007D42A5 /* SummaryViewModel.swift */,
				4E06F3A7233747BD0083606C /* RecordViewModel.swift */,
				4E06F3B12337B8DE0083606C /* HabitDetailViewModel.swift */,
				4E242BD7237001E60050F23A /* CalendarViewModel.swift */,
				4E1F60352371A7F20020AA2C /* RecordListViewModel.swift */,
			);
			path = ViewModel;
			sourceTree = "<group>";
		};
		4E6CC53A232A616D00E367E3 /* View */ = {
			isa = PBXGroup;
			children = (
				4EA607342371A268004051CA /* Tap */,
				4EA6072D2371939E004051CA /* RecordList */,
				4E7DE8DC236FC87100AC7009 /* Calendar */,
				4E06F3AC23379B680083606C /* Detail */,
				4E33B606232E35AE007D42A5 /* Record */,
				4E33B601232CC7FD007D42A5 /* Summary */,
				4E33B600232CC7EC007D42A5 /* HabitForm */,
			);
			path = View;
			sourceTree = "<group>";
		};
		4E7DE8DC236FC87100AC7009 /* Calendar */ = {
			isa = PBXGroup;
			children = (
				4E7DE8DD236FC88D00AC7009 /* CalendarViewController.swift */,
				4E7DE8DF236FC89800AC7009 /* CalendarViewController.storyboard */,
				4E242BCF236FD4B70050F23A /* CalendarDayCell.swift */,
				4E242BD5236FEBED0050F23A /* DotView.swift */,
			);
			path = Calendar;
			sourceTree = "<group>";
		};
		4EA3F0672351C87400F0B4F2 /* Entity */ = {
			isa = PBXGroup;
			children = (
				4EA3F0722351C8A200F0B4F2 /* Habit.swift */,
				4EA3F0742351C8BB00F0B4F2 /* GoalSpan.swift */,
				4EA3F0762351C8D300F0B4F2 /* HabitRecord.swift */,
				4EA3F0782351C8E600F0B4F2 /* HabitSummary.swift */,
			);
			path = Entity;
			sourceTree = "<group>";
		};
		4EA6072D2371939E004051CA /* RecordList */ = {
			isa = PBXGroup;
			children = (
				4EA6072E237193B9004051CA /* RecordListViewController.swift */,
				4EA60730237193C2004051CA /* RecordListViewController.storyboard */,
			);
			path = RecordList;
			sourceTree = "<group>";
		};
		4EA607342371A268004051CA /* Tap */ = {
			isa = PBXGroup;
			children = (
				4EA607322371A263004051CA /* TabBarController.swift */,
			);
			path = Tap;
			sourceTree = "<group>";
		};
		4ECE99B3232A596600215BFE = {
			isa = PBXGroup;
			children = (
				4E3B807C23458ADB00A81971 /* Playground.playground */,
				4ECE99BE232A596600215BFE /* Zakkuri */,
				4ECE99D5232A596800215BFE /* ZakkuriTests */,
				4ECE99E0232A596800215BFE /* ZakkuriUITests */,
				4ECE99BD232A596600215BFE /* Products */,
				4E6CC52C232A5FC500E367E3 /* Frameworks */,
				4B7AB308CA0C967E2869B7CD /* Pods */,
			);
			sourceTree = "<group>";
		};
		4ECE99BD232A596600215BFE /* Products */ = {
			isa = PBXGroup;
			children = (
				4ECE99BC232A596600215BFE /* Zakkuri.app */,
				4ECE99D2232A596800215BFE /* ZakkuriTests.xctest */,
				4ECE99DD232A596800215BFE /* ZakkuriUITests.xctest */,
			);
			name = Products;
			sourceTree = "<group>";
		};
		4ECE99BE232A596600215BFE /* Zakkuri */ = {
			isa = PBXGroup;
			children = (
				4E06F3A9233751240083606C /* Utils */,
				4E6CC53A232A616D00E367E3 /* View */,
				4E6CC539232A615E00E367E3 /* ViewModel */,
				4E33B5F8232C8B3C007D42A5 /* Model */,
				4E33B5F9232C8B41007D42A5 /* Service */,
				4EA3F0672351C87400F0B4F2 /* Entity */,
				4ECE99BF232A596600215BFE /* AppDelegate.swift */,
				4ECE99C8232A596700215BFE /* Assets.xcassets */,
				4ECE99CA232A596700215BFE /* LaunchScreen.storyboard */,
				4E7DE8DA236FC84000AC7009 /* Main.storyboard */,
				4E2C582C237264910041A606 /* GoogleService-Info.plist */,
				4ECE99CD232A596700215BFE /* Info.plist */,
			);
			path = Zakkuri;
			sourceTree = "<group>";
		};
		4ECE99D5232A596800215BFE /* ZakkuriTests */ = {
			isa = PBXGroup;
			children = (
				4E66A48D233AF882009BD0CA /* ViewModel */,
				4ECE99D6232A596800215BFE /* ZakkuriTests.swift */,
				4ECE99D8232A596800215BFE /* Info.plist */,
				4EC19513233C590A0090BC66 /* InMemoryStorage.swift */,
			);
			path = ZakkuriTests;
			sourceTree = "<group>";
		};
		4ECE99E0232A596800215BFE /* ZakkuriUITests */ = {
			isa = PBXGroup;
			children = (
				4ECE99E1232A596800215BFE /* ZakkuriUITests.swift */,
				4ECE99E3232A596800215BFE /* Info.plist */,
			);
			path = ZakkuriUITests;
			sourceTree = "<group>";
		};
/* End PBXGroup section */

/* Begin PBXNativeTarget section */
		4ECE99BB232A596600215BFE /* Zakkuri */ = {
			isa = PBXNativeTarget;
			buildConfigurationList = 4ECE99E6232A596800215BFE /* Build configuration list for PBXNativeTarget "Zakkuri" */;
			buildPhases = (
				BEC3E25B16BEAE40E6752874 /* [CP] Check Pods Manifest.lock */,
				4ECE99B8232A596600215BFE /* Sources */,
				4ECE99B9232A596600215BFE /* Frameworks */,
				4ECE99BA232A596600215BFE /* Resources */,
				4E6CC538232A5FDA00E367E3 /* Carthage */,
				AA82C276A4152AA843899D4D /* [CP] Embed Pods Frameworks */,
			);
			buildRules = (
			);
			dependencies = (
			);
			name = Zakkuri;
			productName = "laid-back";
			productReference = 4ECE99BC232A596600215BFE /* Zakkuri.app */;
			productType = "com.apple.product-type.application";
		};
		4ECE99D1232A596800215BFE /* ZakkuriTests */ = {
			isa = PBXNativeTarget;
			buildConfigurationList = 4ECE99E9232A596800215BFE /* Build configuration list for PBXNativeTarget "ZakkuriTests" */;
			buildPhases = (
				16C0B8353F70904D11D577CC /* [CP] Check Pods Manifest.lock */,
				4ECE99CE232A596800215BFE /* Sources */,
				4ECE99CF232A596800215BFE /* Frameworks */,
				4ECE99D0232A596800215BFE /* Resources */,
			);
			buildRules = (
			);
			dependencies = (
				4ECE99D4232A596800215BFE /* PBXTargetDependency */,
			);
			name = ZakkuriTests;
			productName = "laid-backTests";
			productReference = 4ECE99D2232A596800215BFE /* ZakkuriTests.xctest */;
			productType = "com.apple.product-type.bundle.unit-test";
		};
		4ECE99DC232A596800215BFE /* ZakkuriUITests */ = {
			isa = PBXNativeTarget;
			buildConfigurationList = 4ECE99EC232A596800215BFE /* Build configuration list for PBXNativeTarget "ZakkuriUITests" */;
			buildPhases = (
				D4D0B0684AC78EACD4828CF2 /* [CP] Check Pods Manifest.lock */,
				4ECE99D9232A596800215BFE /* Sources */,
				4ECE99DA232A596800215BFE /* Frameworks */,
				4ECE99DB232A596800215BFE /* Resources */,
				111CBAFE92E4C057FA4B4F32 /* [CP] Embed Pods Frameworks */,
			);
			buildRules = (
			);
			dependencies = (
				4ECE99DF232A596800215BFE /* PBXTargetDependency */,
			);
			name = ZakkuriUITests;
			productName = "laid-backUITests";
			productReference = 4ECE99DD232A596800215BFE /* ZakkuriUITests.xctest */;
			productType = "com.apple.product-type.bundle.ui-testing";
		};
/* End PBXNativeTarget section */

/* Begin PBXProject section */
		4ECE99B4232A596600215BFE /* Project object */ = {
			isa = PBXProject;
			attributes = {
				LastSwiftUpdateCheck = 1030;
				LastUpgradeCheck = 1030;
				ORGANIZATIONNAME = mironal;
				TargetAttributes = {
					4ECE99BB232A596600215BFE = {
						CreatedOnToolsVersion = 10.3;
					};
					4ECE99D1232A596800215BFE = {
						CreatedOnToolsVersion = 10.3;
						TestTargetID = 4ECE99BB232A596600215BFE;
					};
					4ECE99DC232A596800215BFE = {
						CreatedOnToolsVersion = 10.3;
						TestTargetID = 4ECE99BB232A596600215BFE;
					};
				};
			};
			buildConfigurationList = 4ECE99B7232A596600215BFE /* Build configuration list for PBXProject "Zakkuri" */;
			compatibilityVersion = "Xcode 9.3";
			developmentRegion = en;
			hasScannedForEncodings = 0;
			knownRegions = (
				en,
				Base,
				ja,
			);
			mainGroup = 4ECE99B3232A596600215BFE;
			productRefGroup = 4ECE99BD232A596600215BFE /* Products */;
			projectDirPath = "";
			projectRoot = "";
			targets = (
				4ECE99BB232A596600215BFE /* Zakkuri */,
				4ECE99D1232A596800215BFE /* ZakkuriTests */,
				4ECE99DC232A596800215BFE /* ZakkuriUITests */,
			);
		};
/* End PBXProject section */

/* Begin PBXResourcesBuildPhase section */
		4ECE99BA232A596600215BFE /* Resources */ = {
			isa = PBXResourcesBuildPhase;
			buildActionMask = 2147483647;
			files = (
				4E7DE8DB236FC84000AC7009 /* Main.storyboard in Resources */,
				4ECE99CC232A596700215BFE /* LaunchScreen.storyboard in Resources */,
				4E06F3B023379B890083606C /* HabitDetailViewController.storyboard in Resources */,
				4E7DE8E0236FC89800AC7009 /* CalendarViewController.storyboard in Resources */,
				4ECE99C9232A596700215BFE /* Assets.xcassets in Resources */,
				4E33B60A232E35C7007D42A5 /* RecordViewController.storyboard in Resources */,
				4E33B5F5232BC7DD007D42A5 /* SummaryViewController.storyboard in Resources */,
				4E2C582D237264910041A606 /* GoogleService-Info.plist in Resources */,
				4EA60731237193C2004051CA /* RecordListViewController.storyboard in Resources */,
				4E33B5F3232BC790007D42A5 /* HabitFormViewController.storyboard in Resources */,
			);
			runOnlyForDeploymentPostprocessing = 0;
		};
		4ECE99D0232A596800215BFE /* Resources */ = {
			isa = PBXResourcesBuildPhase;
			buildActionMask = 2147483647;
			files = (
			);
			runOnlyForDeploymentPostprocessing = 0;
		};
		4ECE99DB232A596800215BFE /* Resources */ = {
			isa = PBXResourcesBuildPhase;
			buildActionMask = 2147483647;
			files = (
			);
			runOnlyForDeploymentPostprocessing = 0;
		};
/* End PBXResourcesBuildPhase section */

/* Begin PBXShellScriptBuildPhase section */
		111CBAFE92E4C057FA4B4F32 /* [CP] Embed Pods Frameworks */ = {
			isa = PBXShellScriptBuildPhase;
			buildActionMask = 2147483647;
			files = (
			);
			inputFileListPaths = (
				"${PODS_ROOT}/Target Support Files/Pods-Zakkuri-ZakkuriUITests/Pods-Zakkuri-ZakkuriUITests-frameworks-${CONFIGURATION}-input-files.xcfilelist",
			);
			name = "[CP] Embed Pods Frameworks";
			outputFileListPaths = (
				"${PODS_ROOT}/Target Support Files/Pods-Zakkuri-ZakkuriUITests/Pods-Zakkuri-ZakkuriUITests-frameworks-${CONFIGURATION}-output-files.xcfilelist",
			);
			runOnlyForDeploymentPostprocessing = 0;
			shellPath = /bin/sh;
			shellScript = "\"${PODS_ROOT}/Target Support Files/Pods-Zakkuri-ZakkuriUITests/Pods-Zakkuri-ZakkuriUITests-frameworks.sh\"\n";
			showEnvVarsInLog = 0;
		};
		16C0B8353F70904D11D577CC /* [CP] Check Pods Manifest.lock */ = {
			isa = PBXShellScriptBuildPhase;
			buildActionMask = 2147483647;
			files = (
			);
			inputFileListPaths = (
			);
			inputPaths = (
				"${PODS_PODFILE_DIR_PATH}/Podfile.lock",
				"${PODS_ROOT}/Manifest.lock",
			);
			name = "[CP] Check Pods Manifest.lock";
			outputFileListPaths = (
			);
			outputPaths = (
				"$(DERIVED_FILE_DIR)/Pods-ZakkuriTests-checkManifestLockResult.txt",
			);
			runOnlyForDeploymentPostprocessing = 0;
			shellPath = /bin/sh;
			shellScript = "diff \"${PODS_PODFILE_DIR_PATH}/Podfile.lock\" \"${PODS_ROOT}/Manifest.lock\" > /dev/null\nif [ $? != 0 ] ; then\n    # print error to STDERR\n    echo \"error: The sandbox is not in sync with the Podfile.lock. Run 'pod install' or update your CocoaPods installation.\" >&2\n    exit 1\nfi\n# This output is used by Xcode 'outputs' to avoid re-running this script phase.\necho \"SUCCESS\" > \"${SCRIPT_OUTPUT_FILE_0}\"\n";
			showEnvVarsInLog = 0;
		};
		4E6CC538232A5FDA00E367E3 /* Carthage */ = {
			isa = PBXShellScriptBuildPhase;
			buildActionMask = 2147483647;
			files = (
			);
			inputFileListPaths = (
				"$(SRCROOT)/input.xcfilelist",
			);
			inputPaths = (
			);
			name = Carthage;
			outputFileListPaths = (
				"$(SRCROOT)/output.xcfilelist",
			);
			outputPaths = (
			);
			runOnlyForDeploymentPostprocessing = 0;
			shellPath = /bin/sh;
			shellScript = "carthage copy-frameworks\n";
		};
		AA82C276A4152AA843899D4D /* [CP] Embed Pods Frameworks */ = {
			isa = PBXShellScriptBuildPhase;
			buildActionMask = 2147483647;
			files = (
			);
			inputFileListPaths = (
				"${PODS_ROOT}/Target Support Files/Pods-Zakkuri/Pods-Zakkuri-frameworks-${CONFIGURATION}-input-files.xcfilelist",
			);
			name = "[CP] Embed Pods Frameworks";
			outputFileListPaths = (
				"${PODS_ROOT}/Target Support Files/Pods-Zakkuri/Pods-Zakkuri-frameworks-${CONFIGURATION}-output-files.xcfilelist",
			);
			runOnlyForDeploymentPostprocessing = 0;
			shellPath = /bin/sh;
			shellScript = "\"${PODS_ROOT}/Target Support Files/Pods-Zakkuri/Pods-Zakkuri-frameworks.sh\"\n";
			showEnvVarsInLog = 0;
		};
		BEC3E25B16BEAE40E6752874 /* [CP] Check Pods Manifest.lock */ = {
			isa = PBXShellScriptBuildPhase;
			buildActionMask = 2147483647;
			files = (
			);
			inputFileListPaths = (
			);
			inputPaths = (
				"${PODS_PODFILE_DIR_PATH}/Podfile.lock",
				"${PODS_ROOT}/Manifest.lock",
			);
			name = "[CP] Check Pods Manifest.lock";
			outputFileListPaths = (
			);
			outputPaths = (
				"$(DERIVED_FILE_DIR)/Pods-Zakkuri-checkManifestLockResult.txt",
			);
			runOnlyForDeploymentPostprocessing = 0;
			shellPath = /bin/sh;
			shellScript = "diff \"${PODS_PODFILE_DIR_PATH}/Podfile.lock\" \"${PODS_ROOT}/Manifest.lock\" > /dev/null\nif [ $? != 0 ] ; then\n    # print error to STDERR\n    echo \"error: The sandbox is not in sync with the Podfile.lock. Run 'pod install' or update your CocoaPods installation.\" >&2\n    exit 1\nfi\n# This output is used by Xcode 'outputs' to avoid re-running this script phase.\necho \"SUCCESS\" > \"${SCRIPT_OUTPUT_FILE_0}\"\n";
			showEnvVarsInLog = 0;
		};
		D4D0B0684AC78EACD4828CF2 /* [CP] Check Pods Manifest.lock */ = {
			isa = PBXShellScriptBuildPhase;
			buildActionMask = 2147483647;
			files = (
			);
			inputFileListPaths = (
			);
			inputPaths = (
				"${PODS_PODFILE_DIR_PATH}/Podfile.lock",
				"${PODS_ROOT}/Manifest.lock",
			);
			name = "[CP] Check Pods Manifest.lock";
			outputFileListPaths = (
			);
			outputPaths = (
				"$(DERIVED_FILE_DIR)/Pods-Zakkuri-ZakkuriUITests-checkManifestLockResult.txt",
			);
			runOnlyForDeploymentPostprocessing = 0;
			shellPath = /bin/sh;
			shellScript = "diff \"${PODS_PODFILE_DIR_PATH}/Podfile.lock\" \"${PODS_ROOT}/Manifest.lock\" > /dev/null\nif [ $? != 0 ] ; then\n    # print error to STDERR\n    echo \"error: The sandbox is not in sync with the Podfile.lock. Run 'pod install' or update your CocoaPods installation.\" >&2\n    exit 1\nfi\n# This output is used by Xcode 'outputs' to avoid re-running this script phase.\necho \"SUCCESS\" > \"${SCRIPT_OUTPUT_FILE_0}\"\n";
			showEnvVarsInLog = 0;
		};
/* End PBXShellScriptBuildPhase section */

/* Begin PBXSourcesBuildPhase section */
		4ECE99B8232A596600215BFE /* Sources */ = {
			isa = PBXSourcesBuildPhase;
			buildActionMask = 2147483647;
			files = (
				4E7DE8DE236FC88D00AC7009 /* CalendarViewController.swift in Sources */,
				4E06F3AE23379B7B0083606C /* HabitDetailViewController.swift in Sources */,
				4EE3020C237C43ED00087BE0 /* FirebaseConstants.swift in Sources */,
				4E6CC53C232A61DA00E367E3 /* HabitFormViewModel.swift in Sources */,
				4EA607332371A263004051CA /* TabBarController.swift in Sources */,
				4E1F60362371A7F20020AA2C /* RecordListViewModel.swift in Sources */,
				4EF09C98235061C100691A57 /* UIViewController.swift in Sources */,
				4ECE99C0232A596600215BFE /* AppDelegate.swift in Sources */,
				4E33B5FD232C9F53007D42A5 /* Models.swift in Sources */,
				4E33B5FF232CB3F1007D42A5 /* SummaryCell.swift in Sources */,
				4E33B608232E35BF007D42A5 /* RecordViewController.swift in Sources */,
				4EA3F0732351C8A200F0B4F2 /* Habit.swift in Sources */,
				4E81A3002338B7290042188A /* AlertController.swift in Sources */,
				4E8EF477236D2B9C00280369 /* Formatter.swift in Sources */,
				4ECE99C2232A596600215BFE /* HabitFormViewController.swift in Sources */,
				4EA6072F237193B9004051CA /* RecordListViewController.swift in Sources */,
				4EAC5A9823388589009334F3 /* NavigationController.swift in Sources */,
				4E33B5F1232BC74E007D42A5 /* SummaryViewController.swift in Sources */,
				4E242BD0236FD4B70050F23A /* CalendarDayCell.swift in Sources */,
				4E06F3B22337B8DE0083606C /* HabitDetailViewModel.swift in Sources */,
				4EA3F0792351C8E600F0B4F2 /* HabitSummary.swift in Sources */,
				4E4AE87B2372EB10009C4B82 /* FirestoreStorage.swift in Sources */,
				4E06F3A8233747BD0083606C /* RecordViewModel.swift in Sources */,
				4E1E70752346CB7900B2E107 /* NotifyModel.swift in Sources */,
				4E33B5F7232BC957007D42A5 /* SummaryViewModel.swift in Sources */,
				4E33B5FB232C8B70007D42A5 /* HabitModel.swift in Sources */,
				4E242BD6236FEBED0050F23A /* DotView.swift in Sources */,
				4E33B603232CF795007D42A5 /* Storage.swift in Sources */,
				4EE2B66D2372E1F2009C2AA1 /* UserModel.swift in Sources */,
				4EA3F0772351C8D300F0B4F2 /* HabitRecord.swift in Sources */,
				4E242BD4236FE0020050F23A /* CALayer.swift in Sources */,
				4EA3F0752351C8BB00F0B4F2 /* GoalSpan.swift in Sources */,
				4E242BD8237001E60050F23A /* CalendarViewModel.swift in Sources */,
				4EAC5A942338637B009334F3 /* Theme.swift in Sources */,
			);
			runOnlyForDeploymentPostprocessing = 0;
		};
		4ECE99CE232A596800215BFE /* Sources */ = {
			isa = PBXSourcesBuildPhase;
			buildActionMask = 2147483647;
			files = (
				4EC19514233C590A0090BC66 /* InMemoryStorage.swift in Sources */,
				4ECE99D7232A596800215BFE /* ZakkuriTests.swift in Sources */,
				4E66A48F233AF8AB009BD0CA /* RecordViewModelTest.swift in Sources */,
			);
			runOnlyForDeploymentPostprocessing = 0;
		};
		4ECE99D9232A596800215BFE /* Sources */ = {
			isa = PBXSourcesBuildPhase;
			buildActionMask = 2147483647;
			files = (
				4ECE99E2232A596800215BFE /* ZakkuriUITests.swift in Sources */,
			);
			runOnlyForDeploymentPostprocessing = 0;
		};
/* End PBXSourcesBuildPhase section */

/* Begin PBXTargetDependency section */
		4ECE99D4232A596800215BFE /* PBXTargetDependency */ = {
			isa = PBXTargetDependency;
			target = 4ECE99BB232A596600215BFE /* Zakkuri */;
			targetProxy = 4ECE99D3232A596800215BFE /* PBXContainerItemProxy */;
		};
		4ECE99DF232A596800215BFE /* PBXTargetDependency */ = {
			isa = PBXTargetDependency;
			target = 4ECE99BB232A596600215BFE /* Zakkuri */;
			targetProxy = 4ECE99DE232A596800215BFE /* PBXContainerItemProxy */;
		};
/* End PBXTargetDependency section */

/* Begin PBXVariantGroup section */
		4ECE99CA232A596700215BFE /* LaunchScreen.storyboard */ = {
			isa = PBXVariantGroup;
			children = (
				4ECE99CB232A596700215BFE /* Base */,
				4E1F60372371B54F0020AA2C /* ja */,
			);
			name = LaunchScreen.storyboard;
			sourceTree = "<group>";
		};
/* End PBXVariantGroup section */

/* Begin XCBuildConfiguration section */
		4ECE99E4232A596800215BFE /* Debug */ = {
			isa = XCBuildConfiguration;
			buildSettings = {
				ALWAYS_SEARCH_USER_PATHS = NO;
				CLANG_ANALYZER_LOCALIZABILITY_NONLOCALIZED = YES;
				CLANG_ANALYZER_NONNULL = YES;
				CLANG_ANALYZER_NUMBER_OBJECT_CONVERSION = YES_AGGRESSIVE;
				CLANG_CXX_LANGUAGE_STANDARD = "gnu++14";
				CLANG_CXX_LIBRARY = "libc++";
				CLANG_ENABLE_MODULES = YES;
				CLANG_ENABLE_OBJC_ARC = YES;
				CLANG_ENABLE_OBJC_WEAK = YES;
				CLANG_WARN_BLOCK_CAPTURE_AUTORELEASING = YES;
				CLANG_WARN_BOOL_CONVERSION = YES;
				CLANG_WARN_COMMA = YES;
				CLANG_WARN_CONSTANT_CONVERSION = YES;
				CLANG_WARN_DEPRECATED_OBJC_IMPLEMENTATIONS = YES;
				CLANG_WARN_DIRECT_OBJC_ISA_USAGE = YES_ERROR;
				CLANG_WARN_DOCUMENTATION_COMMENTS = YES;
				CLANG_WARN_EMPTY_BODY = YES;
				CLANG_WARN_ENUM_CONVERSION = YES;
				CLANG_WARN_INFINITE_RECURSION = YES;
				CLANG_WARN_INT_CONVERSION = YES;
				CLANG_WARN_NON_LITERAL_NULL_CONVERSION = YES;
				CLANG_WARN_OBJC_IMPLICIT_RETAIN_SELF = YES;
				CLANG_WARN_OBJC_LITERAL_CONVERSION = YES;
				CLANG_WARN_OBJC_ROOT_CLASS = YES_ERROR;
				CLANG_WARN_RANGE_LOOP_ANALYSIS = YES;
				CLANG_WARN_STRICT_PROTOTYPES = YES;
				CLANG_WARN_SUSPICIOUS_MOVE = YES;
				CLANG_WARN_UNGUARDED_AVAILABILITY = YES_AGGRESSIVE;
				CLANG_WARN_UNREACHABLE_CODE = YES;
				CLANG_WARN__DUPLICATE_METHOD_MATCH = YES;
				CODE_SIGN_IDENTITY = "iPhone Developer";
				COPY_PHASE_STRIP = NO;
				DEBUG_INFORMATION_FORMAT = dwarf;
				ENABLE_STRICT_OBJC_MSGSEND = YES;
				ENABLE_TESTABILITY = YES;
				GCC_C_LANGUAGE_STANDARD = gnu11;
				GCC_DYNAMIC_NO_PIC = NO;
				GCC_NO_COMMON_BLOCKS = YES;
				GCC_OPTIMIZATION_LEVEL = 0;
				GCC_PREPROCESSOR_DEFINITIONS = (
					"DEBUG=1",
					"$(inherited)",
				);
				GCC_WARN_64_TO_32_BIT_CONVERSION = YES;
				GCC_WARN_ABOUT_RETURN_TYPE = YES_ERROR;
				GCC_WARN_UNDECLARED_SELECTOR = YES;
				GCC_WARN_UNINITIALIZED_AUTOS = YES_AGGRESSIVE;
				GCC_WARN_UNUSED_FUNCTION = YES;
				GCC_WARN_UNUSED_VARIABLE = YES;
				IPHONEOS_DEPLOYMENT_TARGET = 13.0;
				MTL_ENABLE_DEBUG_INFO = INCLUDE_SOURCE;
				MTL_FAST_MATH = YES;
				ONLY_ACTIVE_ARCH = YES;
				SDKROOT = iphoneos;
				SWIFT_ACTIVE_COMPILATION_CONDITIONS = DEBUG;
				SWIFT_OPTIMIZATION_LEVEL = "-Onone";
			};
			name = Debug;
		};
		4ECE99E5232A596800215BFE /* Release */ = {
			isa = XCBuildConfiguration;
			buildSettings = {
				ALWAYS_SEARCH_USER_PATHS = NO;
				CLANG_ANALYZER_LOCALIZABILITY_NONLOCALIZED = YES;
				CLANG_ANALYZER_NONNULL = YES;
				CLANG_ANALYZER_NUMBER_OBJECT_CONVERSION = YES_AGGRESSIVE;
				CLANG_CXX_LANGUAGE_STANDARD = "gnu++14";
				CLANG_CXX_LIBRARY = "libc++";
				CLANG_ENABLE_MODULES = YES;
				CLANG_ENABLE_OBJC_ARC = YES;
				CLANG_ENABLE_OBJC_WEAK = YES;
				CLANG_WARN_BLOCK_CAPTURE_AUTORELEASING = YES;
				CLANG_WARN_BOOL_CONVERSION = YES;
				CLANG_WARN_COMMA = YES;
				CLANG_WARN_CONSTANT_CONVERSION = YES;
				CLANG_WARN_DEPRECATED_OBJC_IMPLEMENTATIONS = YES;
				CLANG_WARN_DIRECT_OBJC_ISA_USAGE = YES_ERROR;
				CLANG_WARN_DOCUMENTATION_COMMENTS = YES;
				CLANG_WARN_EMPTY_BODY = YES;
				CLANG_WARN_ENUM_CONVERSION = YES;
				CLANG_WARN_INFINITE_RECURSION = YES;
				CLANG_WARN_INT_CONVERSION = YES;
				CLANG_WARN_NON_LITERAL_NULL_CONVERSION = YES;
				CLANG_WARN_OBJC_IMPLICIT_RETAIN_SELF = YES;
				CLANG_WARN_OBJC_LITERAL_CONVERSION = YES;
				CLANG_WARN_OBJC_ROOT_CLASS = YES_ERROR;
				CLANG_WARN_RANGE_LOOP_ANALYSIS = YES;
				CLANG_WARN_STRICT_PROTOTYPES = YES;
				CLANG_WARN_SUSPICIOUS_MOVE = YES;
				CLANG_WARN_UNGUARDED_AVAILABILITY = YES_AGGRESSIVE;
				CLANG_WARN_UNREACHABLE_CODE = YES;
				CLANG_WARN__DUPLICATE_METHOD_MATCH = YES;
				CODE_SIGN_IDENTITY = "iPhone Developer";
				COPY_PHASE_STRIP = NO;
				DEBUG_INFORMATION_FORMAT = "dwarf-with-dsym";
				ENABLE_NS_ASSERTIONS = NO;
				ENABLE_STRICT_OBJC_MSGSEND = YES;
				GCC_C_LANGUAGE_STANDARD = gnu11;
				GCC_NO_COMMON_BLOCKS = YES;
				GCC_WARN_64_TO_32_BIT_CONVERSION = YES;
				GCC_WARN_ABOUT_RETURN_TYPE = YES_ERROR;
				GCC_WARN_UNDECLARED_SELECTOR = YES;
				GCC_WARN_UNINITIALIZED_AUTOS = YES_AGGRESSIVE;
				GCC_WARN_UNUSED_FUNCTION = YES;
				GCC_WARN_UNUSED_VARIABLE = YES;
				IPHONEOS_DEPLOYMENT_TARGET = 13.0;
				MTL_ENABLE_DEBUG_INFO = NO;
				MTL_FAST_MATH = YES;
				SDKROOT = iphoneos;
				SWIFT_COMPILATION_MODE = wholemodule;
				SWIFT_OPTIMIZATION_LEVEL = "-O";
				VALIDATE_PRODUCT = YES;
			};
			name = Release;
		};
		4ECE99E7232A596800215BFE /* Debug */ = {
			isa = XCBuildConfiguration;
			baseConfigurationReference = 38EDE54F5E835BC5D3864A02 /* Pods-Zakkuri.debug.xcconfig */;
			buildSettings = {
				ASSETCATALOG_COMPILER_APPICON_NAME = AppIcon;
				CODE_SIGN_STYLE = Automatic;
				DEVELOPMENT_TEAM = 4P8DBPU9W6;
				FRAMEWORK_SEARCH_PATHS = (
					"$(inherited)",
					"$(PROJECT_DIR)/Carthage/Build/iOS",
				);
				INFOPLIST_FILE = "$(SRCROOT)/Zakkuri/Info.plist";
				IPHONEOS_DEPLOYMENT_TARGET = 13.0;
				LD_RUNPATH_SEARCH_PATHS = (
					"$(inherited)",
					"@executable_path/Frameworks",
				);
				PRODUCT_BUNDLE_IDENTIFIER = dev.mironal.zakkuri;
				PRODUCT_NAME = "$(TARGET_NAME)";
				SWIFT_VERSION = 5.0;
				TARGETED_DEVICE_FAMILY = 1;
			};
			name = Debug;
		};
		4ECE99E8232A596800215BFE /* Release */ = {
			isa = XCBuildConfiguration;
			baseConfigurationReference = 95B79F29777390BCFB1EBA39 /* Pods-Zakkuri.release.xcconfig */;
			buildSettings = {
				ASSETCATALOG_COMPILER_APPICON_NAME = AppIcon;
				CODE_SIGN_STYLE = Automatic;
				DEVELOPMENT_TEAM = 4P8DBPU9W6;
				FRAMEWORK_SEARCH_PATHS = (
					"$(inherited)",
					"$(PROJECT_DIR)/Carthage/Build/iOS",
				);
				INFOPLIST_FILE = "$(SRCROOT)/Zakkuri/Info.plist";
				IPHONEOS_DEPLOYMENT_TARGET = 13.0;
				LD_RUNPATH_SEARCH_PATHS = (
					"$(inherited)",
					"@executable_path/Frameworks",
				);
				PRODUCT_BUNDLE_IDENTIFIER = dev.mironal.zakkuri;
				PRODUCT_NAME = "$(TARGET_NAME)";
				SWIFT_VERSION = 5.0;
				TARGETED_DEVICE_FAMILY = 1;
			};
			name = Release;
		};
		4ECE99EA232A596800215BFE /* Debug */ = {
			isa = XCBuildConfiguration;
			baseConfigurationReference = 6FCFEC244EC69D1B048A208B /* Pods-ZakkuriTests.debug.xcconfig */;
			buildSettings = {
				ALWAYS_EMBED_SWIFT_STANDARD_LIBRARIES = YES;
				BUNDLE_LOADER = "$(TEST_HOST)";
				CODE_SIGN_STYLE = Automatic;
				DEVELOPMENT_TEAM = K45ES832VB;
				FRAMEWORK_SEARCH_PATHS = (
					"$(inherited)",
					"$(PROJECT_DIR)/Carthage/Build/iOS",
				);
				INFOPLIST_FILE = ZakkuriTests/Info.plist;
				LD_RUNPATH_SEARCH_PATHS = (
					"$(inherited)",
					"@executable_path/Frameworks",
					"@loader_path/Frameworks",
				);
				PRODUCT_BUNDLE_IDENTIFIER = dev.mironal.ZakkuriTests;
				PRODUCT_NAME = "$(TARGET_NAME)";
				SWIFT_VERSION = 5.0;
				TARGETED_DEVICE_FAMILY = "1,2";
				TEST_HOST = "$(BUILT_PRODUCTS_DIR)/Zakkuri.app/Zakkuri";
			};
			name = Debug;
		};
		4ECE99EB232A596800215BFE /* Release */ = {
			isa = XCBuildConfiguration;
			baseConfigurationReference = E961DCEC1751833030A8049B /* Pods-ZakkuriTests.release.xcconfig */;
			buildSettings = {
				ALWAYS_EMBED_SWIFT_STANDARD_LIBRARIES = YES;
				BUNDLE_LOADER = "$(TEST_HOST)";
				CODE_SIGN_STYLE = Automatic;
				DEVELOPMENT_TEAM = K45ES832VB;
				FRAMEWORK_SEARCH_PATHS = (
					"$(inherited)",
					"$(PROJECT_DIR)/Carthage/Build/iOS",
				);
				INFOPLIST_FILE = ZakkuriTests/Info.plist;
				LD_RUNPATH_SEARCH_PATHS = (
					"$(inherited)",
					"@executable_path/Frameworks",
					"@loader_path/Frameworks",
				);
				PRODUCT_BUNDLE_IDENTIFIER = dev.mironal.ZakkuriTests;
				PRODUCT_NAME = "$(TARGET_NAME)";
				SWIFT_VERSION = 5.0;
				TARGETED_DEVICE_FAMILY = "1,2";
				TEST_HOST = "$(BUILT_PRODUCTS_DIR)/Zakkuri.app/Zakkuri";
			};
			name = Release;
		};
		4ECE99ED232A596800215BFE /* Debug */ = {
			isa = XCBuildConfiguration;
			baseConfigurationReference = 7D99A4354511AA39222F2513 /* Pods-Zakkuri-ZakkuriUITests.debug.xcconfig */;
			buildSettings = {
				ALWAYS_EMBED_SWIFT_STANDARD_LIBRARIES = YES;
				CODE_SIGN_STYLE = Automatic;
				DEVELOPMENT_TEAM = K45ES832VB;
				INFOPLIST_FILE = ZakkuriUITests/Info.plist;
				LD_RUNPATH_SEARCH_PATHS = (
					"$(inherited)",
					"@executable_path/Frameworks",
					"@loader_path/Frameworks",
				);
				PRODUCT_BUNDLE_IDENTIFIER = com.mironal.ZakkuriUITests;
				PRODUCT_NAME = "$(TARGET_NAME)";
				SWIFT_VERSION = 5.0;
				TARGETED_DEVICE_FAMILY = "1,2";
				TEST_TARGET_NAME = Zakkuri;
			};
			name = Debug;
		};
		4ECE99EE232A596800215BFE /* Release */ = {
			isa = XCBuildConfiguration;
			baseConfigurationReference = 82AE2C9A67C7BE480AD22D51 /* Pods-Zakkuri-ZakkuriUITests.release.xcconfig */;
			buildSettings = {
				ALWAYS_EMBED_SWIFT_STANDARD_LIBRARIES = YES;
				CODE_SIGN_STYLE = Automatic;
				DEVELOPMENT_TEAM = K45ES832VB;
				INFOPLIST_FILE = ZakkuriUITests/Info.plist;
				LD_RUNPATH_SEARCH_PATHS = (
					"$(inherited)",
					"@executable_path/Frameworks",
					"@loader_path/Frameworks",
				);
				PRODUCT_BUNDLE_IDENTIFIER = com.mironal.ZakkuriUITests;
				PRODUCT_NAME = "$(TARGET_NAME)";
				SWIFT_VERSION = 5.0;
				TARGETED_DEVICE_FAMILY = "1,2";
				TEST_TARGET_NAME = Zakkuri;
			};
			name = Release;
		};
/* End XCBuildConfiguration section */

/* Begin XCConfigurationList section */
		4ECE99B7232A596600215BFE /* Build configuration list for PBXProject "Zakkuri" */ = {
			isa = XCConfigurationList;
			buildConfigurations = (
				4ECE99E4232A596800215BFE /* Debug */,
				4ECE99E5232A596800215BFE /* Release */,
			);
			defaultConfigurationIsVisible = 0;
			defaultConfigurationName = Release;
		};
		4ECE99E6232A596800215BFE /* Build configuration list for PBXNativeTarget "Zakkuri" */ = {
			isa = XCConfigurationList;
			buildConfigurations = (
				4ECE99E7232A596800215BFE /* Debug */,
				4ECE99E8232A596800215BFE /* Release */,
			);
			defaultConfigurationIsVisible = 0;
			defaultConfigurationName = Release;
		};
		4ECE99E9232A596800215BFE /* Build configuration list for PBXNativeTarget "ZakkuriTests" */ = {
			isa = XCConfigurationList;
			buildConfigurations = (
				4ECE99EA232A596800215BFE /* Debug */,
				4ECE99EB232A596800215BFE /* Release */,
			);
			defaultConfigurationIsVisible = 0;
			defaultConfigurationName = Release;
		};
		4ECE99EC232A596800215BFE /* Build configuration list for PBXNativeTarget "ZakkuriUITests" */ = {
			isa = XCConfigurationList;
			buildConfigurations = (
				4ECE99ED232A596800215BFE /* Debug */,
				4ECE99EE232A596800215BFE /* Release */,
			);
			defaultConfigurationIsVisible = 0;
			defaultConfigurationName = Release;
		};
/* End XCConfigurationList section */
	};
	rootObject = 4ECE99B4232A596600215BFE /* Project object */;
}
