// !$*UTF8*$!
{
	archiveVersion = 1;
	classes = {
	};
	objectVersion = 51;
	objects = {

/* Begin PBXBuildFile section */
		4E06F3A8233747BD0083606C /* RecordViewModel.swift in Sources */ = {isa = PBXBuildFile; fileRef = 4E06F3A7233747BD0083606C /* RecordViewModel.swift */; };
		4E06F3AE23379B7B0083606C /* HabitDetailViewController.swift in Sources */ = {isa = PBXBuildFile; fileRef = 4E06F3AD23379B7B0083606C /* HabitDetailViewController.swift */; };
		4E06F3B023379B890083606C /* HabitDetailViewController.storyboard in Resources */ = {isa = PBXBuildFile; fileRef = 4E06F3AF23379B880083606C /* HabitDetailViewController.storyboard */; };
		4E06F3B22337B8DE0083606C /* HabitDetailViewModel.swift in Sources */ = {isa = PBXBuildFile; fileRef = 4E06F3B12337B8DE0083606C /* HabitDetailViewModel.swift */; };
		4E33B5EF232BC373007D42A5 /* SwifterSwift.framework in Frameworks */ = {isa = PBXBuildFile; fileRef = 4E33B5EE232BC373007D42A5 /* SwifterSwift.framework */; };
		4E33B5F1232BC74E007D42A5 /* SummaryViewController.swift in Sources */ = {isa = PBXBuildFile; fileRef = 4E33B5F0232BC74E007D42A5 /* SummaryViewController.swift */; };
		4E33B5F3232BC790007D42A5 /* HabitFormViewController.storyboard in Resources */ = {isa = PBXBuildFile; fileRef = 4E33B5F2232BC790007D42A5 /* HabitFormViewController.storyboard */; };
		4E33B5F5232BC7DD007D42A5 /* SummaryViewController.storyboard in Resources */ = {isa = PBXBuildFile; fileRef = 4E33B5F4232BC7DD007D42A5 /* SummaryViewController.storyboard */; };
		4E33B5F7232BC957007D42A5 /* SummaryViewModel.swift in Sources */ = {isa = PBXBuildFile; fileRef = 4E33B5F6232BC957007D42A5 /* SummaryViewModel.swift */; };
		4E33B5FB232C8B70007D42A5 /* HabitModel.swift in Sources */ = {isa = PBXBuildFile; fileRef = 4E33B5FA232C8B70007D42A5 /* HabitModel.swift */; };
		4E33B5FD232C9F53007D42A5 /* Models.swift in Sources */ = {isa = PBXBuildFile; fileRef = 4E33B5FC232C9F53007D42A5 /* Models.swift */; };
		4E33B5FF232CB3F1007D42A5 /* SummaryCell.swift in Sources */ = {isa = PBXBuildFile; fileRef = 4E33B5FE232CB3F1007D42A5 /* SummaryCell.swift */; };
		4E33B603232CF795007D42A5 /* Storage.swift in Sources */ = {isa = PBXBuildFile; fileRef = 4E33B602232CF795007D42A5 /* Storage.swift */; };
		4E33B605232E3165007D42A5 /* FloatingPanel.framework in Frameworks */ = {isa = PBXBuildFile; fileRef = 4E33B604232E3165007D42A5 /* FloatingPanel.framework */; };
		4E33B608232E35BF007D42A5 /* RecordViewController.swift in Sources */ = {isa = PBXBuildFile; fileRef = 4E33B607232E35BF007D42A5 /* RecordViewController.swift */; };
		4E33B60A232E35C7007D42A5 /* RecordViewController.storyboard in Resources */ = {isa = PBXBuildFile; fileRef = 4E33B609232E35C7007D42A5 /* RecordViewController.storyboard */; };
		4E6CC532232A5FC500E367E3 /* RxRelay.framework in Frameworks */ = {isa = PBXBuildFile; fileRef = 4E6CC52D232A5FC500E367E3 /* RxRelay.framework */; };
		4E6CC534232A5FC500E367E3 /* RxSwift.framework in Frameworks */ = {isa = PBXBuildFile; fileRef = 4E6CC52F232A5FC500E367E3 /* RxSwift.framework */; };
		4E6CC536232A5FC500E367E3 /* RxCocoa.framework in Frameworks */ = {isa = PBXBuildFile; fileRef = 4E6CC531232A5FC500E367E3 /* RxCocoa.framework */; };
		4E6CC53C232A61DA00E367E3 /* HabitFormViewModel.swift in Sources */ = {isa = PBXBuildFile; fileRef = 4E6CC53B232A61DA00E367E3 /* HabitFormViewModel.swift */; };
		4E6CC53E232A6B7700E367E3 /* RxSwiftExt.framework in Frameworks */ = {isa = PBXBuildFile; fileRef = 4E6CC53D232A6B7700E367E3 /* RxSwiftExt.framework */; };
		4ECE99C0232A596600215BFE /* AppDelegate.swift in Sources */ = {isa = PBXBuildFile; fileRef = 4ECE99BF232A596600215BFE /* AppDelegate.swift */; };
		4ECE99C2232A596600215BFE /* HabitFormViewController.swift in Sources */ = {isa = PBXBuildFile; fileRef = 4ECE99C1232A596600215BFE /* HabitFormViewController.swift */; };
		4ECE99C9232A596700215BFE /* Assets.xcassets in Resources */ = {isa = PBXBuildFile; fileRef = 4ECE99C8232A596700215BFE /* Assets.xcassets */; };
		4ECE99CC232A596700215BFE /* LaunchScreen.storyboard in Resources */ = {isa = PBXBuildFile; fileRef = 4ECE99CA232A596700215BFE /* LaunchScreen.storyboard */; };
		4ECE99D7232A596800215BFE /* laid_backTests.swift in Sources */ = {isa = PBXBuildFile; fileRef = 4ECE99D6232A596800215BFE /* laid_backTests.swift */; };
		4ECE99E2232A596800215BFE /* laid_backUITests.swift in Sources */ = {isa = PBXBuildFile; fileRef = 4ECE99E1232A596800215BFE /* laid_backUITests.swift */; };
/* End PBXBuildFile section */

/* Begin PBXContainerItemProxy section */
		4ECE99D3232A596800215BFE /* PBXContainerItemProxy */ = {
			isa = PBXContainerItemProxy;
			containerPortal = 4ECE99B4232A596600215BFE /* Project object */;
			proxyType = 1;
			remoteGlobalIDString = 4ECE99BB232A596600215BFE;
			remoteInfo = "laid-back";
		};
		4ECE99DE232A596800215BFE /* PBXContainerItemProxy */ = {
			isa = PBXContainerItemProxy;
			containerPortal = 4ECE99B4232A596600215BFE /* Project object */;
			proxyType = 1;
			remoteGlobalIDString = 4ECE99BB232A596600215BFE;
			remoteInfo = "laid-back";
		};
/* End PBXContainerItemProxy section */

/* Begin PBXFileReference section */
		4E06F3A7233747BD0083606C /* RecordViewModel.swift */ = {isa = PBXFileReference; lastKnownFileType = sourcecode.swift; path = RecordViewModel.swift; sourceTree = "<group>"; };
		4E06F3AD23379B7B0083606C /* HabitDetailViewController.swift */ = {isa = PBXFileReference; lastKnownFileType = sourcecode.swift; path = HabitDetailViewController.swift; sourceTree = "<group>"; };
		4E06F3AF23379B880083606C /* HabitDetailViewController.storyboard */ = {isa = PBXFileReference; lastKnownFileType = file.storyboard; path = HabitDetailViewController.storyboard; sourceTree = "<group>"; };
		4E06F3B12337B8DE0083606C /* HabitDetailViewModel.swift */ = {isa = PBXFileReference; lastKnownFileType = sourcecode.swift; path = HabitDetailViewModel.swift; sourceTree = "<group>"; };
		4E33B5EE232BC373007D42A5 /* SwifterSwift.framework */ = {isa = PBXFileReference; lastKnownFileType = wrapper.framework; name = SwifterSwift.framework; path = Carthage/Build/iOS/SwifterSwift.framework; sourceTree = "<group>"; };
		4E33B5F0232BC74E007D42A5 /* SummaryViewController.swift */ = {isa = PBXFileReference; lastKnownFileType = sourcecode.swift; path = SummaryViewController.swift; sourceTree = "<group>"; };
		4E33B5F2232BC790007D42A5 /* HabitFormViewController.storyboard */ = {isa = PBXFileReference; lastKnownFileType = file.storyboard; path = HabitFormViewController.storyboard; sourceTree = "<group>"; };
		4E33B5F4232BC7DD007D42A5 /* SummaryViewController.storyboard */ = {isa = PBXFileReference; lastKnownFileType = file.storyboard; path = SummaryViewController.storyboard; sourceTree = "<group>"; };
		4E33B5F6232BC957007D42A5 /* SummaryViewModel.swift */ = {isa = PBXFileReference; lastKnownFileType = sourcecode.swift; path = SummaryViewModel.swift; sourceTree = "<group>"; };
		4E33B5FA232C8B70007D42A5 /* HabitModel.swift */ = {isa = PBXFileReference; lastKnownFileType = sourcecode.swift; path = HabitModel.swift; sourceTree = "<group>"; };
		4E33B5FC232C9F53007D42A5 /* Models.swift */ = {isa = PBXFileReference; lastKnownFileType = sourcecode.swift; path = Models.swift; sourceTree = "<group>"; };
		4E33B5FE232CB3F1007D42A5 /* SummaryCell.swift */ = {isa = PBXFileReference; lastKnownFileType = sourcecode.swift; path = SummaryCell.swift; sourceTree = "<group>"; };
		4E33B602232CF795007D42A5 /* Storage.swift */ = {isa = PBXFileReference; lastKnownFileType = sourcecode.swift; path = Storage.swift; sourceTree = "<group>"; };
		4E33B604232E3165007D42A5 /* FloatingPanel.framework */ = {isa = PBXFileReference; lastKnownFileType = wrapper.framework; name = FloatingPanel.framework; path = Carthage/Build/iOS/FloatingPanel.framework; sourceTree = "<group>"; };
		4E33B607232E35BF007D42A5 /* RecordViewController.swift */ = {isa = PBXFileReference; lastKnownFileType = sourcecode.swift; path = RecordViewController.swift; sourceTree = "<group>"; };
		4E33B609232E35C7007D42A5 /* RecordViewController.storyboard */ = {isa = PBXFileReference; lastKnownFileType = file.storyboard; path = RecordViewController.storyboard; sourceTree = "<group>"; };
		4E6CC52D232A5FC500E367E3 /* RxRelay.framework */ = {isa = PBXFileReference; lastKnownFileType = wrapper.framework; name = RxRelay.framework; path = Carthage/Build/iOS/RxRelay.framework; sourceTree = "<group>"; };
		4E6CC52E232A5FC500E367E3 /* RxBlocking.framework */ = {isa = PBXFileReference; lastKnownFileType = wrapper.framework; name = RxBlocking.framework; path = Carthage/Build/iOS/RxBlocking.framework; sourceTree = "<group>"; };
		4E6CC52F232A5FC500E367E3 /* RxSwift.framework */ = {isa = PBXFileReference; lastKnownFileType = wrapper.framework; name = RxSwift.framework; path = Carthage/Build/iOS/RxSwift.framework; sourceTree = "<group>"; };
		4E6CC530232A5FC500E367E3 /* RxTest.framework */ = {isa = PBXFileReference; lastKnownFileType = wrapper.framework; name = RxTest.framework; path = Carthage/Build/iOS/RxTest.framework; sourceTree = "<group>"; };
		4E6CC531232A5FC500E367E3 /* RxCocoa.framework */ = {isa = PBXFileReference; lastKnownFileType = wrapper.framework; name = RxCocoa.framework; path = Carthage/Build/iOS/RxCocoa.framework; sourceTree = "<group>"; };
		4E6CC53B232A61DA00E367E3 /* HabitFormViewModel.swift */ = {isa = PBXFileReference; lastKnownFileType = sourcecode.swift; path = HabitFormViewModel.swift; sourceTree = "<group>"; };
		4E6CC53D232A6B7700E367E3 /* RxSwiftExt.framework */ = {isa = PBXFileReference; lastKnownFileType = wrapper.framework; name = RxSwiftExt.framework; path = Carthage/Build/iOS/RxSwiftExt.framework; sourceTree = "<group>"; };
		4ECE99BC232A596600215BFE /* laid-back.app */ = {isa = PBXFileReference; explicitFileType = wrapper.application; includeInIndex = 0; path = "laid-back.app"; sourceTree = BUILT_PRODUCTS_DIR; };
		4ECE99BF232A596600215BFE /* AppDelegate.swift */ = {isa = PBXFileReference; lastKnownFileType = sourcecode.swift; path = AppDelegate.swift; sourceTree = "<group>"; };
		4ECE99C1232A596600215BFE /* HabitFormViewController.swift */ = {isa = PBXFileReference; lastKnownFileType = sourcecode.swift; path = HabitFormViewController.swift; sourceTree = "<group>"; };
		4ECE99C8232A596700215BFE /* Assets.xcassets */ = {isa = PBXFileReference; lastKnownFileType = folder.assetcatalog; path = Assets.xcassets; sourceTree = "<group>"; };
		4ECE99CB232A596700215BFE /* Base */ = {isa = PBXFileReference; lastKnownFileType = file.storyboard; name = Base; path = Base.lproj/LaunchScreen.storyboard; sourceTree = "<group>"; };
		4ECE99CD232A596700215BFE /* Info.plist */ = {isa = PBXFileReference; lastKnownFileType = text.plist.xml; path = Info.plist; sourceTree = "<group>"; };
		4ECE99D2232A596800215BFE /* laid-backTests.xctest */ = {isa = PBXFileReference; explicitFileType = wrapper.cfbundle; includeInIndex = 0; path = "laid-backTests.xctest"; sourceTree = BUILT_PRODUCTS_DIR; };
		4ECE99D6232A596800215BFE /* laid_backTests.swift */ = {isa = PBXFileReference; lastKnownFileType = sourcecode.swift; path = laid_backTests.swift; sourceTree = "<group>"; };
		4ECE99D8232A596800215BFE /* Info.plist */ = {isa = PBXFileReference; lastKnownFileType = text.plist.xml; path = Info.plist; sourceTree = "<group>"; };
		4ECE99DD232A596800215BFE /* laid-backUITests.xctest */ = {isa = PBXFileReference; explicitFileType = wrapper.cfbundle; includeInIndex = 0; path = "laid-backUITests.xctest"; sourceTree = BUILT_PRODUCTS_DIR; };
		4ECE99E1232A596800215BFE /* laid_backUITests.swift */ = {isa = PBXFileReference; lastKnownFileType = sourcecode.swift; path = laid_backUITests.swift; sourceTree = "<group>"; };
		4ECE99E3232A596800215BFE /* Info.plist */ = {isa = PBXFileReference; lastKnownFileType = text.plist.xml; path = Info.plist; sourceTree = "<group>"; };
/* End PBXFileReference section */

/* Begin PBXFrameworksBuildPhase section */
		4ECE99B9232A596600215BFE /* Frameworks */ = {
			isa = PBXFrameworksBuildPhase;
			buildActionMask = 2147483647;
			files = (
				4E6CC53E232A6B7700E367E3 /* RxSwiftExt.framework in Frameworks */,
				4E33B605232E3165007D42A5 /* FloatingPanel.framework in Frameworks */,
				4E6CC532232A5FC500E367E3 /* RxRelay.framework in Frameworks */,
				4E6CC534232A5FC500E367E3 /* RxSwift.framework in Frameworks */,
				4E6CC536232A5FC500E367E3 /* RxCocoa.framework in Frameworks */,
				4E33B5EF232BC373007D42A5 /* SwifterSwift.framework in Frameworks */,
			);
			runOnlyForDeploymentPostprocessing = 0;
		};
		4ECE99CF232A596800215BFE /* Frameworks */ = {
			isa = PBXFrameworksBuildPhase;
			buildActionMask = 2147483647;
			files = (
			);
			runOnlyForDeploymentPostprocessing = 0;
		};
		4ECE99DA232A596800215BFE /* Frameworks */ = {
			isa = PBXFrameworksBuildPhase;
			buildActionMask = 2147483647;
			files = (
			);
			runOnlyForDeploymentPostprocessing = 0;
		};
/* End PBXFrameworksBuildPhase section */

/* Begin PBXGroup section */
		4E06F3A9233751240083606C /* CommonViews */ = {
			isa = PBXGroup;
			children = (
			);
			path = CommonViews;
			sourceTree = "<group>";
		};
		4E06F3AC23379B680083606C /* Detail */ = {
			isa = PBXGroup;
			children = (
				4E06F3AD23379B7B0083606C /* HabitDetailViewController.swift */,
				4E06F3AF23379B880083606C /* HabitDetailViewController.storyboard */,
			);
			path = Detail;
			sourceTree = "<group>";
		};
		4E33B5F8232C8B3C007D42A5 /* Model */ = {
			isa = PBXGroup;
			children = (
				4E33B5FA232C8B70007D42A5 /* HabitModel.swift */,
				4E33B5FC232C9F53007D42A5 /* Models.swift */,
			);
			path = Model;
			sourceTree = "<group>";
		};
		4E33B5F9232C8B41007D42A5 /* Service */ = {
			isa = PBXGroup;
			children = (
				4E33B602232CF795007D42A5 /* Storage.swift */,
			);
			path = Service;
			sourceTree = "<group>";
		};
		4E33B600232CC7EC007D42A5 /* HabitForm */ = {
			isa = PBXGroup;
			children = (
				4ECE99C1232A596600215BFE /* HabitFormViewController.swift */,
				4E33B5F2232BC790007D42A5 /* HabitFormViewController.storyboard */,
			);
			path = HabitForm;
			sourceTree = "<group>";
		};
		4E33B601232CC7FD007D42A5 /* Summary */ = {
			isa = PBXGroup;
			children = (
				4E33B5F0232BC74E007D42A5 /* SummaryViewController.swift */,
				4E33B5F4232BC7DD007D42A5 /* SummaryViewController.storyboard */,
				4E33B5FE232CB3F1007D42A5 /* SummaryCell.swift */,
			);
			path = Summary;
			sourceTree = "<group>";
		};
		4E33B606232E35AE007D42A5 /* Record */ = {
			isa = PBXGroup;
			children = (
				4E33B607232E35BF007D42A5 /* RecordViewController.swift */,
				4E33B609232E35C7007D42A5 /* RecordViewController.storyboard */,
			);
			path = Record;
			sourceTree = "<group>";
		};
		4E6CC52C232A5FC500E367E3 /* Frameworks */ = {
			isa = PBXGroup;
			children = (
				4E33B604232E3165007D42A5 /* FloatingPanel.framework */,
				4E33B5EE232BC373007D42A5 /* SwifterSwift.framework */,
				4E6CC53D232A6B7700E367E3 /* RxSwiftExt.framework */,
				4E6CC52E232A5FC500E367E3 /* RxBlocking.framework */,
				4E6CC531232A5FC500E367E3 /* RxCocoa.framework */,
				4E6CC52D232A5FC500E367E3 /* RxRelay.framework */,
				4E6CC52F232A5FC500E367E3 /* RxSwift.framework */,
				4E6CC530232A5FC500E367E3 /* RxTest.framework */,
			);
			name = Frameworks;
			sourceTree = "<group>";
		};
		4E6CC539232A615E00E367E3 /* ViewModel */ = {
			isa = PBXGroup;
			children = (
				4E6CC53B232A61DA00E367E3 /* HabitFormViewModel.swift */,
				4E33B5F6232BC957007D42A5 /* SummaryViewModel.swift */,
				4E06F3A7233747BD0083606C /* RecordViewModel.swift */,
				4E06F3B12337B8DE0083606C /* HabitDetailViewModel.swift */,
			);
			path = ViewModel;
			sourceTree = "<group>";
		};
		4E6CC53A232A616D00E367E3 /* View */ = {
			isa = PBXGroup;
			children = (
				4E06F3AC23379B680083606C /* Detail */,
				4E33B606232E35AE007D42A5 /* Record */,
				4E33B601232CC7FD007D42A5 /* Summary */,
				4E33B600232CC7EC007D42A5 /* HabitForm */,
			);
			path = View;
			sourceTree = "<group>";
		};
		4ECE99B3232A596600215BFE = {
			isa = PBXGroup;
			children = (
				4ECE99BE232A596600215BFE /* laid-back */,
				4ECE99D5232A596800215BFE /* laid-backTests */,
				4ECE99E0232A596800215BFE /* laid-backUITests */,
				4ECE99BD232A596600215BFE /* Products */,
				4E6CC52C232A5FC500E367E3 /* Frameworks */,
			);
			sourceTree = "<group>";
		};
		4ECE99BD232A596600215BFE /* Products */ = {
			isa = PBXGroup;
			children = (
				4ECE99BC232A596600215BFE /* laid-back.app */,
				4ECE99D2232A596800215BFE /* laid-backTests.xctest */,
				4ECE99DD232A596800215BFE /* laid-backUITests.xctest */,
			);
			name = Products;
			sourceTree = "<group>";
		};
		4ECE99BE232A596600215BFE /* laid-back */ = {
			isa = PBXGroup;
			children = (
				4E06F3A9233751240083606C /* CommonViews */,
				4E6CC53A232A616D00E367E3 /* View */,
				4E6CC539232A615E00E367E3 /* ViewModel */,
				4E33B5F8232C8B3C007D42A5 /* Model */,
				4E33B5F9232C8B41007D42A5 /* Service */,
				4ECE99BF232A596600215BFE /* AppDelegate.swift */,
				4ECE99C8232A596700215BFE /* Assets.xcassets */,
				4ECE99CA232A596700215BFE /* LaunchScreen.storyboard */,
				4ECE99CD232A596700215BFE /* Info.plist */,
			);
			path = "laid-back";
			sourceTree = "<group>";
		};
		4ECE99D5232A596800215BFE /* laid-backTests */ = {
			isa = PBXGroup;
			children = (
				4ECE99D6232A596800215BFE /* laid_backTests.swift */,
				4ECE99D8232A596800215BFE /* Info.plist */,
			);
			path = "laid-backTests";
			sourceTree = "<group>";
		};
		4ECE99E0232A596800215BFE /* laid-backUITests */ = {
			isa = PBXGroup;
			children = (
				4ECE99E1232A596800215BFE /* laid_backUITests.swift */,
				4ECE99E3232A596800215BFE /* Info.plist */,
			);
			path = "laid-backUITests";
			sourceTree = "<group>";
		};
/* End PBXGroup section */

/* Begin PBXNativeTarget section */
		4ECE99BB232A596600215BFE /* laid-back */ = {
			isa = PBXNativeTarget;
			buildConfigurationList = 4ECE99E6232A596800215BFE /* Build configuration list for PBXNativeTarget "laid-back" */;
			buildPhases = (
				4ECE99B8232A596600215BFE /* Sources */,
				4ECE99B9232A596600215BFE /* Frameworks */,
				4ECE99BA232A596600215BFE /* Resources */,
				4E6CC538232A5FDA00E367E3 /* Carthage */,
			);
			buildRules = (
			);
			dependencies = (
			);
			name = "laid-back";
			productName = "laid-back";
			productReference = 4ECE99BC232A596600215BFE /* laid-back.app */;
			productType = "com.apple.product-type.application";
		};
		4ECE99D1232A596800215BFE /* laid-backTests */ = {
			isa = PBXNativeTarget;
			buildConfigurationList = 4ECE99E9232A596800215BFE /* Build configuration list for PBXNativeTarget "laid-backTests" */;
			buildPhases = (
				4ECE99CE232A596800215BFE /* Sources */,
				4ECE99CF232A596800215BFE /* Frameworks */,
				4ECE99D0232A596800215BFE /* Resources */,
			);
			buildRules = (
			);
			dependencies = (
				4ECE99D4232A596800215BFE /* PBXTargetDependency */,
			);
			name = "laid-backTests";
			productName = "laid-backTests";
			productReference = 4ECE99D2232A596800215BFE /* laid-backTests.xctest */;
			productType = "com.apple.product-type.bundle.unit-test";
		};
		4ECE99DC232A596800215BFE /* laid-backUITests */ = {
			isa = PBXNativeTarget;
			buildConfigurationList = 4ECE99EC232A596800215BFE /* Build configuration list for PBXNativeTarget "laid-backUITests" */;
			buildPhases = (
				4ECE99D9232A596800215BFE /* Sources */,
				4ECE99DA232A596800215BFE /* Frameworks */,
				4ECE99DB232A596800215BFE /* Resources */,
			);
			buildRules = (
			);
			dependencies = (
				4ECE99DF232A596800215BFE /* PBXTargetDependency */,
			);
			name = "laid-backUITests";
			productName = "laid-backUITests";
			productReference = 4ECE99DD232A596800215BFE /* laid-backUITests.xctest */;
			productType = "com.apple.product-type.bundle.ui-testing";
		};
/* End PBXNativeTarget section */

/* Begin PBXProject section */
		4ECE99B4232A596600215BFE /* Project object */ = {
			isa = PBXProject;
			attributes = {
				LastSwiftUpdateCheck = 1030;
				LastUpgradeCheck = 1030;
				ORGANIZATIONNAME = mironal;
				TargetAttributes = {
					4ECE99BB232A596600215BFE = {
						CreatedOnToolsVersion = 10.3;
					};
					4ECE99D1232A596800215BFE = {
						CreatedOnToolsVersion = 10.3;
						TestTargetID = 4ECE99BB232A596600215BFE;
					};
					4ECE99DC232A596800215BFE = {
						CreatedOnToolsVersion = 10.3;
						TestTargetID = 4ECE99BB232A596600215BFE;
					};
				};
			};
			buildConfigurationList = 4ECE99B7232A596600215BFE /* Build configuration list for PBXProject "laid-back" */;
			compatibilityVersion = "Xcode 9.3";
			developmentRegion = en;
			hasScannedForEncodings = 0;
			knownRegions = (
				en,
				Base,
			);
			mainGroup = 4ECE99B3232A596600215BFE;
			productRefGroup = 4ECE99BD232A596600215BFE /* Products */;
			projectDirPath = "";
			projectRoot = "";
			targets = (
				4ECE99BB232A596600215BFE /* laid-back */,
				4ECE99D1232A596800215BFE /* laid-backTests */,
				4ECE99DC232A596800215BFE /* laid-backUITests */,
			);
		};
/* End PBXProject section */

/* Begin PBXResourcesBuildPhase section */
		4ECE99BA232A596600215BFE /* Resources */ = {
			isa = PBXResourcesBuildPhase;
			buildActionMask = 2147483647;
			files = (
				4ECE99CC232A596700215BFE /* LaunchScreen.storyboard in Resources */,
				4E06F3B023379B890083606C /* HabitDetailViewController.storyboard in Resources */,
				4ECE99C9232A596700215BFE /* Assets.xcassets in Resources */,
				4E33B60A232E35C7007D42A5 /* RecordViewController.storyboard in Resources */,
				4E33B5F5232BC7DD007D42A5 /* SummaryViewController.storyboard in Resources */,
				4E33B5F3232BC790007D42A5 /* HabitFormViewController.storyboard in Resources */,
			);
			runOnlyForDeploymentPostprocessing = 0;
		};
		4ECE99D0232A596800215BFE /* Resources */ = {
			isa = PBXResourcesBuildPhase;
			buildActionMask = 2147483647;
			files = (
			);
			runOnlyForDeploymentPostprocessing = 0;
		};
		4ECE99DB232A596800215BFE /* Resources */ = {
			isa = PBXResourcesBuildPhase;
			buildActionMask = 2147483647;
			files = (
			);
			runOnlyForDeploymentPostprocessing = 0;
		};
/* End PBXResourcesBuildPhase section */

/* Begin PBXShellScriptBuildPhase section */
		4E6CC538232A5FDA00E367E3 /* Carthage */ = {
			isa = PBXShellScriptBuildPhase;
			buildActionMask = 2147483647;
			files = (
			);
			inputFileListPaths = (
				"$(SRCROOT)/input.xcfilelist",
			);
			inputPaths = (
			);
			name = Carthage;
			outputFileListPaths = (
				"$(SRCROOT)/output.xcfilelist",
			);
			outputPaths = (
			);
			runOnlyForDeploymentPostprocessing = 0;
			shellPath = /bin/sh;
			shellScript = "carthage copy-frameworks\n";
		};
/* End PBXShellScriptBuildPhase section */

/* Begin PBXSourcesBuildPhase section */
		4ECE99B8232A596600215BFE /* Sources */ = {
			isa = PBXSourcesBuildPhase;
			buildActionMask = 2147483647;
			files = (
				4E06F3AE23379B7B0083606C /* HabitDetailViewController.swift in Sources */,
				4E6CC53C232A61DA00E367E3 /* HabitFormViewModel.swift in Sources */,
				4ECE99C0232A596600215BFE /* AppDelegate.swift in Sources */,
				4E33B5FD232C9F53007D42A5 /* Models.swift in Sources */,
				4E33B5FF232CB3F1007D42A5 /* SummaryCell.swift in Sources */,
				4E33B608232E35BF007D42A5 /* RecordViewController.swift in Sources */,
				4ECE99C2232A596600215BFE /* HabitFormViewController.swift in Sources */,
				4E33B5F1232BC74E007D42A5 /* SummaryViewController.swift in Sources */,
				4E06F3B22337B8DE0083606C /* HabitDetailViewModel.swift in Sources */,
				4E06F3A8233747BD0083606C /* RecordViewModel.swift in Sources */,
				4E33B5F7232BC957007D42A5 /* SummaryViewModel.swift in Sources */,
				4E33B5FB232C8B70007D42A5 /* HabitModel.swift in Sources */,
				4E33B603232CF795007D42A5 /* Storage.swift in Sources */,
			);
			runOnlyForDeploymentPostprocessing = 0;
		};
		4ECE99CE232A596800215BFE /* Sources */ = {
			isa = PBXSourcesBuildPhase;
			buildActionMask = 2147483647;
			files = (
				4ECE99D7232A596800215BFE /* laid_backTests.swift in Sources */,
			);
			runOnlyForDeploymentPostprocessing = 0;
		};
		4ECE99D9232A596800215BFE /* Sources */ = {
			isa = PBXSourcesBuildPhase;
			buildActionMask = 2147483647;
			files = (
				4ECE99E2232A596800215BFE /* laid_backUITests.swift in Sources */,
			);
			runOnlyForDeploymentPostprocessing = 0;
		};
/* End PBXSourcesBuildPhase section */

/* Begin PBXTargetDependency section */
		4ECE99D4232A596800215BFE /* PBXTargetDependency */ = {
			isa = PBXTargetDependency;
			target = 4ECE99BB232A596600215BFE /* laid-back */;
			targetProxy = 4ECE99D3232A596800215BFE /* PBXContainerItemProxy */;
		};
		4ECE99DF232A596800215BFE /* PBXTargetDependency */ = {
			isa = PBXTargetDependency;
			target = 4ECE99BB232A596600215BFE /* laid-back */;
			targetProxy = 4ECE99DE232A596800215BFE /* PBXContainerItemProxy */;
		};
/* End PBXTargetDependency section */

/* Begin PBXVariantGroup section */
		4ECE99CA232A596700215BFE /* LaunchScreen.storyboard */ = {
			isa = PBXVariantGroup;
			children = (
				4ECE99CB232A596700215BFE /* Base */,
			);
			name = LaunchScreen.storyboard;
			sourceTree = "<group>";
		};
/* End PBXVariantGroup section */

/* Begin XCBuildConfiguration section */
		4ECE99E4232A596800215BFE /* Debug */ = {
			isa = XCBuildConfiguration;
			buildSettings = {
				ALWAYS_SEARCH_USER_PATHS = NO;
				CLANG_ANALYZER_NONNULL = YES;
				CLANG_ANALYZER_NUMBER_OBJECT_CONVERSION = YES_AGGRESSIVE;
				CLANG_CXX_LANGUAGE_STANDARD = "gnu++14";
				CLANG_CXX_LIBRARY = "libc++";
				CLANG_ENABLE_MODULES = YES;
				CLANG_ENABLE_OBJC_ARC = YES;
				CLANG_ENABLE_OBJC_WEAK = YES;
				CLANG_WARN_BLOCK_CAPTURE_AUTORELEASING = YES;
				CLANG_WARN_BOOL_CONVERSION = YES;
				CLANG_WARN_COMMA = YES;
				CLANG_WARN_CONSTANT_CONVERSION = YES;
				CLANG_WARN_DEPRECATED_OBJC_IMPLEMENTATIONS = YES;
				CLANG_WARN_DIRECT_OBJC_ISA_USAGE = YES_ERROR;
				CLANG_WARN_DOCUMENTATION_COMMENTS = YES;
				CLANG_WARN_EMPTY_BODY = YES;
				CLANG_WARN_ENUM_CONVERSION = YES;
				CLANG_WARN_INFINITE_RECURSION = YES;
				CLANG_WARN_INT_CONVERSION = YES;
				CLANG_WARN_NON_LITERAL_NULL_CONVERSION = YES;
				CLANG_WARN_OBJC_IMPLICIT_RETAIN_SELF = YES;
				CLANG_WARN_OBJC_LITERAL_CONVERSION = YES;
				CLANG_WARN_OBJC_ROOT_CLASS = YES_ERROR;
				CLANG_WARN_RANGE_LOOP_ANALYSIS = YES;
				CLANG_WARN_STRICT_PROTOTYPES = YES;
				CLANG_WARN_SUSPICIOUS_MOVE = YES;
				CLANG_WARN_UNGUARDED_AVAILABILITY = YES_AGGRESSIVE;
				CLANG_WARN_UNREACHABLE_CODE = YES;
				CLANG_WARN__DUPLICATE_METHOD_MATCH = YES;
				CODE_SIGN_IDENTITY = "iPhone Developer";
				COPY_PHASE_STRIP = NO;
				DEBUG_INFORMATION_FORMAT = dwarf;
				ENABLE_STRICT_OBJC_MSGSEND = YES;
				ENABLE_TESTABILITY = YES;
				GCC_C_LANGUAGE_STANDARD = gnu11;
				GCC_DYNAMIC_NO_PIC = NO;
				GCC_NO_COMMON_BLOCKS = YES;
				GCC_OPTIMIZATION_LEVEL = 0;
				GCC_PREPROCESSOR_DEFINITIONS = (
					"DEBUG=1",
					"$(inherited)",
				);
				GCC_WARN_64_TO_32_BIT_CONVERSION = YES;
				GCC_WARN_ABOUT_RETURN_TYPE = YES_ERROR;
				GCC_WARN_UNDECLARED_SELECTOR = YES;
				GCC_WARN_UNINITIALIZED_AUTOS = YES_AGGRESSIVE;
				GCC_WARN_UNUSED_FUNCTION = YES;
				GCC_WARN_UNUSED_VARIABLE = YES;
				IPHONEOS_DEPLOYMENT_TARGET = 12.4;
				MTL_ENABLE_DEBUG_INFO = INCLUDE_SOURCE;
				MTL_FAST_MATH = YES;
				ONLY_ACTIVE_ARCH = YES;
				SDKROOT = iphoneos;
				SWIFT_ACTIVE_COMPILATION_CONDITIONS = DEBUG;
				SWIFT_OPTIMIZATION_LEVEL = "-Onone";
			};
			name = Debug;
		};
		4ECE99E5232A596800215BFE /* Release */ = {
			isa = XCBuildConfiguration;
			buildSettings = {
				ALWAYS_SEARCH_USER_PATHS = NO;
				CLANG_ANALYZER_NONNULL = YES;
				CLANG_ANALYZER_NUMBER_OBJECT_CONVERSION = YES_AGGRESSIVE;
				CLANG_CXX_LANGUAGE_STANDARD = "gnu++14";
				CLANG_CXX_LIBRARY = "libc++";
				CLANG_ENABLE_MODULES = YES;
				CLANG_ENABLE_OBJC_ARC = YES;
				CLANG_ENABLE_OBJC_WEAK = YES;
				CLANG_WARN_BLOCK_CAPTURE_AUTORELEASING = YES;
				CLANG_WARN_BOOL_CONVERSION = YES;
				CLANG_WARN_COMMA = YES;
				CLANG_WARN_CONSTANT_CONVERSION = YES;
				CLANG_WARN_DEPRECATED_OBJC_IMPLEMENTATIONS = YES;
				CLANG_WARN_DIRECT_OBJC_ISA_USAGE = YES_ERROR;
				CLANG_WARN_DOCUMENTATION_COMMENTS = YES;
				CLANG_WARN_EMPTY_BODY = YES;
				CLANG_WARN_ENUM_CONVERSION = YES;
				CLANG_WARN_INFINITE_RECURSION = YES;
				CLANG_WARN_INT_CONVERSION = YES;
				CLANG_WARN_NON_LITERAL_NULL_CONVERSION = YES;
				CLANG_WARN_OBJC_IMPLICIT_RETAIN_SELF = YES;
				CLANG_WARN_OBJC_LITERAL_CONVERSION = YES;
				CLANG_WARN_OBJC_ROOT_CLASS = YES_ERROR;
				CLANG_WARN_RANGE_LOOP_ANALYSIS = YES;
				CLANG_WARN_STRICT_PROTOTYPES = YES;
				CLANG_WARN_SUSPICIOUS_MOVE = YES;
				CLANG_WARN_UNGUARDED_AVAILABILITY = YES_AGGRESSIVE;
				CLANG_WARN_UNREACHABLE_CODE = YES;
				CLANG_WARN__DUPLICATE_METHOD_MATCH = YES;
				CODE_SIGN_IDENTITY = "iPhone Developer";
				COPY_PHASE_STRIP = NO;
				DEBUG_INFORMATION_FORMAT = "dwarf-with-dsym";
				ENABLE_NS_ASSERTIONS = NO;
				ENABLE_STRICT_OBJC_MSGSEND = YES;
				GCC_C_LANGUAGE_STANDARD = gnu11;
				GCC_NO_COMMON_BLOCKS = YES;
				GCC_WARN_64_TO_32_BIT_CONVERSION = YES;
				GCC_WARN_ABOUT_RETURN_TYPE = YES_ERROR;
				GCC_WARN_UNDECLARED_SELECTOR = YES;
				GCC_WARN_UNINITIALIZED_AUTOS = YES_AGGRESSIVE;
				GCC_WARN_UNUSED_FUNCTION = YES;
				GCC_WARN_UNUSED_VARIABLE = YES;
				IPHONEOS_DEPLOYMENT_TARGET = 12.4;
				MTL_ENABLE_DEBUG_INFO = NO;
				MTL_FAST_MATH = YES;
				SDKROOT = iphoneos;
				SWIFT_COMPILATION_MODE = wholemodule;
				SWIFT_OPTIMIZATION_LEVEL = "-O";
				VALIDATE_PRODUCT = YES;
			};
			name = Release;
		};
		4ECE99E7232A596800215BFE /* Debug */ = {
			isa = XCBuildConfiguration;
			buildSettings = {
				ASSETCATALOG_COMPILER_APPICON_NAME = AppIcon;
				CODE_SIGN_STYLE = Automatic;
				DEVELOPMENT_TEAM = K45ES832VB;
				FRAMEWORK_SEARCH_PATHS = (
					"$(inherited)",
					"$(PROJECT_DIR)/Carthage/Build/iOS",
				);
				INFOPLIST_FILE = "laid-back/Info.plist";
				LD_RUNPATH_SEARCH_PATHS = (
					"$(inherited)",
					"@executable_path/Frameworks",
				);
				PRODUCT_BUNDLE_IDENTIFIER = "com.github.mironal.laid-back";
				PRODUCT_NAME = "$(TARGET_NAME)";
				SWIFT_VERSION = 5.0;
				TARGETED_DEVICE_FAMILY = "1,2";
			};
			name = Debug;
		};
		4ECE99E8232A596800215BFE /* Release */ = {
			isa = XCBuildConfiguration;
			buildSettings = {
				ASSETCATALOG_COMPILER_APPICON_NAME = AppIcon;
				CODE_SIGN_STYLE = Automatic;
				DEVELOPMENT_TEAM = K45ES832VB;
				FRAMEWORK_SEARCH_PATHS = (
					"$(inherited)",
					"$(PROJECT_DIR)/Carthage/Build/iOS",
				);
				INFOPLIST_FILE = "laid-back/Info.plist";
				LD_RUNPATH_SEARCH_PATHS = (
					"$(inherited)",
					"@executable_path/Frameworks",
				);
				PRODUCT_BUNDLE_IDENTIFIER = "com.github.mironal.laid-back";
				PRODUCT_NAME = "$(TARGET_NAME)";
				SWIFT_VERSION = 5.0;
				TARGETED_DEVICE_FAMILY = "1,2";
			};
			name = Release;
		};
		4ECE99EA232A596800215BFE /* Debug */ = {
			isa = XCBuildConfiguration;
			buildSettings = {
				ALWAYS_EMBED_SWIFT_STANDARD_LIBRARIES = YES;
				BUNDLE_LOADER = "$(TEST_HOST)";
				CODE_SIGN_STYLE = Automatic;
				DEVELOPMENT_TEAM = K45ES832VB;
				INFOPLIST_FILE = "laid-backTests/Info.plist";
				LD_RUNPATH_SEARCH_PATHS = (
					"$(inherited)",
					"@executable_path/Frameworks",
					"@loader_path/Frameworks",
				);
				PRODUCT_BUNDLE_IDENTIFIER = "com.github.mironal.laid-backTests";
				PRODUCT_NAME = "$(TARGET_NAME)";
				SWIFT_VERSION = 5.0;
				TARGETED_DEVICE_FAMILY = "1,2";
				TEST_HOST = "$(BUILT_PRODUCTS_DIR)/laid-back.app/laid-back";
			};
			name = Debug;
		};
		4ECE99EB232A596800215BFE /* Release */ = {
			isa = XCBuildConfiguration;
			buildSettings = {
				ALWAYS_EMBED_SWIFT_STANDARD_LIBRARIES = YES;
				BUNDLE_LOADER = "$(TEST_HOST)";
				CODE_SIGN_STYLE = Automatic;
				DEVELOPMENT_TEAM = K45ES832VB;
				INFOPLIST_FILE = "laid-backTests/Info.plist";
				LD_RUNPATH_SEARCH_PATHS = (
					"$(inherited)",
					"@executable_path/Frameworks",
					"@loader_path/Frameworks",
				);
				PRODUCT_BUNDLE_IDENTIFIER = "com.github.mironal.laid-backTests";
				PRODUCT_NAME = "$(TARGET_NAME)";
				SWIFT_VERSION = 5.0;
				TARGETED_DEVICE_FAMILY = "1,2";
				TEST_HOST = "$(BUILT_PRODUCTS_DIR)/laid-back.app/laid-back";
			};
			name = Release;
		};
		4ECE99ED232A596800215BFE /* Debug */ = {
			isa = XCBuildConfiguration;
			buildSettings = {
				ALWAYS_EMBED_SWIFT_STANDARD_LIBRARIES = YES;
				CODE_SIGN_STYLE = Automatic;
				DEVELOPMENT_TEAM = K45ES832VB;
				INFOPLIST_FILE = "laid-backUITests/Info.plist";
				LD_RUNPATH_SEARCH_PATHS = (
					"$(inherited)",
					"@executable_path/Frameworks",
					"@loader_path/Frameworks",
				);
				PRODUCT_BUNDLE_IDENTIFIER = "com.github.mironal.laid-backUITests";
				PRODUCT_NAME = "$(TARGET_NAME)";
				SWIFT_VERSION = 5.0;
				TARGETED_DEVICE_FAMILY = "1,2";
				TEST_TARGET_NAME = "laid-back";
			};
			name = Debug;
		};
		4ECE99EE232A596800215BFE /* Release */ = {
			isa = XCBuildConfiguration;
			buildSettings = {
				ALWAYS_EMBED_SWIFT_STANDARD_LIBRARIES = YES;
				CODE_SIGN_STYLE = Automatic;
				DEVELOPMENT_TEAM = K45ES832VB;
				INFOPLIST_FILE = "laid-backUITests/Info.plist";
				LD_RUNPATH_SEARCH_PATHS = (
					"$(inherited)",
					"@executable_path/Frameworks",
					"@loader_path/Frameworks",
				);
				PRODUCT_BUNDLE_IDENTIFIER = "com.github.mironal.laid-backUITests";
				PRODUCT_NAME = "$(TARGET_NAME)";
				SWIFT_VERSION = 5.0;
				TARGETED_DEVICE_FAMILY = "1,2";
				TEST_TARGET_NAME = "laid-back";
			};
			name = Release;
		};
/* End XCBuildConfiguration section */

/* Begin XCConfigurationList section */
		4ECE99B7232A596600215BFE /* Build configuration list for PBXProject "laid-back" */ = {
			isa = XCConfigurationList;
			buildConfigurations = (
				4ECE99E4232A596800215BFE /* Debug */,
				4ECE99E5232A596800215BFE /* Release */,
			);
			defaultConfigurationIsVisible = 0;
			defaultConfigurationName = Release;
		};
		4ECE99E6232A596800215BFE /* Build configuration list for PBXNativeTarget "laid-back" */ = {
			isa = XCConfigurationList;
			buildConfigurations = (
				4ECE99E7232A596800215BFE /* Debug */,
				4ECE99E8232A596800215BFE /* Release */,
			);
			defaultConfigurationIsVisible = 0;
			defaultConfigurationName = Release;
		};
		4ECE99E9232A596800215BFE /* Build configuration list for PBXNativeTarget "laid-backTests" */ = {
			isa = XCConfigurationList;
			buildConfigurations = (
				4ECE99EA232A596800215BFE /* Debug */,
				4ECE99EB232A596800215BFE /* Release */,
			);
			defaultConfigurationIsVisible = 0;
			defaultConfigurationName = Release;
		};
		4ECE99EC232A596800215BFE /* Build configuration list for PBXNativeTarget "laid-backUITests" */ = {
			isa = XCConfigurationList;
			buildConfigurations = (
				4ECE99ED232A596800215BFE /* Debug */,
				4ECE99EE232A596800215BFE /* Release */,
			);
			defaultConfigurationIsVisible = 0;
			defaultConfigurationName = Release;
		};
/* End XCConfigurationList section */
	};
	rootObject = 4ECE99B4232A596600215BFE /* Project object */;
}
